// !$*UTF8*$!
{
	archiveVersion = 1;
	classes = {
	};
	objectVersion = 56;
	objects = {

/* Begin PBXBuildFile section */
		787E7EBD2C77E220006FCAE1 /* User.swift in Sources */ = {isa = PBXBuildFile; fileRef = 787E7EBC2C77E220006FCAE1 /* User.swift */; };
		787E7EBF2C77E2FE006FCAE1 /* Device.swift in Sources */ = {isa = PBXBuildFile; fileRef = 787E7EBE2C77E2FE006FCAE1 /* Device.swift */; };
		787E7EC12C77E3C3006FCAE1 /* Reading.swift in Sources */ = {isa = PBXBuildFile; fileRef = 787E7EC02C77E3C3006FCAE1 /* Reading.swift */; };
		787E7EC32C780ACC006FCAE1 /* Profile.swift in Sources */ = {isa = PBXBuildFile; fileRef = 787E7EC22C780ACC006FCAE1 /* Profile.swift */; };
		787E7EC52C7A2E0C006FCAE1 /* RegisterViewModel.swift in Sources */ = {isa = PBXBuildFile; fileRef = 787E7EC42C7A2E0C006FCAE1 /* RegisterViewModel.swift */; };
		787E7EC72C7A38A3006FCAE1 /* RegistrationResponse.swift in Sources */ = {isa = PBXBuildFile; fileRef = 787E7EC62C7A38A3006FCAE1 /* RegistrationResponse.swift */; };
		787E7EC92C7A3956006FCAE1 /* UserResponse.swift in Sources */ = {isa = PBXBuildFile; fileRef = 787E7EC82C7A3956006FCAE1 /* UserResponse.swift */; };
		787E7ECB2C7A52DD006FCAE1 /* HomeView.swift in Sources */ = {isa = PBXBuildFile; fileRef = 787E7ECA2C7A52DD006FCAE1 /* HomeView.swift */; };
		787E7ECD2C7A5358006FCAE1 /* ProfileView.swift in Sources */ = {isa = PBXBuildFile; fileRef = 787E7ECC2C7A5358006FCAE1 /* ProfileView.swift */; };
		787E7ECF2C7A536C006FCAE1 /* SettingsView.swift in Sources */ = {isa = PBXBuildFile; fileRef = 787E7ECE2C7A536C006FCAE1 /* SettingsView.swift */; };
		787E7ED12C7A8E3B006FCAE1 /* HomeViewModel.swift in Sources */ = {isa = PBXBuildFile; fileRef = 787E7ED02C7A8E3B006FCAE1 /* HomeViewModel.swift */; };
		787E7ED52C7BC9F6006FCAE1 /* DevicesResponse.swift in Sources */ = {isa = PBXBuildFile; fileRef = 787E7ED42C7BC9F6006FCAE1 /* DevicesResponse.swift */; };
		789384492C6F84F600A54C68 /* PlantPulseApp.swift in Sources */ = {isa = PBXBuildFile; fileRef = 789384482C6F84F600A54C68 /* PlantPulseApp.swift */; };
		7893844B2C6F84F600A54C68 /* ContentView.swift in Sources */ = {isa = PBXBuildFile; fileRef = 7893844A2C6F84F600A54C68 /* ContentView.swift */; };
		7893844D2C6F84FE00A54C68 /* Assets.xcassets in Resources */ = {isa = PBXBuildFile; fileRef = 7893844C2C6F84FE00A54C68 /* Assets.xcassets */; };
		789384502C6F84FE00A54C68 /* Preview Assets.xcassets in Resources */ = {isa = PBXBuildFile; fileRef = 7893844F2C6F84FE00A54C68 /* Preview Assets.xcassets */; };
		7893845F2C6F84FE00A54C68 /* PlantPulseTests.swift in Sources */ = {isa = PBXBuildFile; fileRef = 7893845E2C6F84FE00A54C68 /* PlantPulseTests.swift */; };
		789384692C6F84FE00A54C68 /* PlantPulseUITests.swift in Sources */ = {isa = PBXBuildFile; fileRef = 789384682C6F84FE00A54C68 /* PlantPulseUITests.swift */; };
		7893846B2C6F84FE00A54C68 /* PlantPulseUITestsLaunchTests.swift in Sources */ = {isa = PBXBuildFile; fileRef = 7893846A2C6F84FE00A54C68 /* PlantPulseUITestsLaunchTests.swift */; };
		7893847A2C75080A00A54C68 /* LoginView.swift in Sources */ = {isa = PBXBuildFile; fileRef = 789384792C75080A00A54C68 /* LoginView.swift */; };
		789384812C751E6500A54C68 /* LoginResponse.swift in Sources */ = {isa = PBXBuildFile; fileRef = 789384802C751E6500A54C68 /* LoginResponse.swift */; };
		789384852C75215B00A54C68 /* APIService.swift in Sources */ = {isa = PBXBuildFile; fileRef = 789384842C75215B00A54C68 /* APIService.swift */; };
		789384872C7539C600A54C68 /* KeychainHelper.swift in Sources */ = {isa = PBXBuildFile; fileRef = 789384862C7539C600A54C68 /* KeychainHelper.swift */; };
		789384892C753D9800A54C68 /* NetworkConstants.swift in Sources */ = {isa = PBXBuildFile; fileRef = 789384882C753D9800A54C68 /* NetworkConstants.swift */; };
		7893848B2C756F6000A54C68 /* RegisterView.swift in Sources */ = {isa = PBXBuildFile; fileRef = 7893848A2C756F6000A54C68 /* RegisterView.swift */; };
		7893848D2C75721000A54C68 /* MainView.swift in Sources */ = {isa = PBXBuildFile; fileRef = 7893848C2C75721000A54C68 /* MainView.swift */; };
		7893848F2C764CBC00A54C68 /* ExpirationHelper.swift in Sources */ = {isa = PBXBuildFile; fileRef = 7893848E2C764CBC00A54C68 /* ExpirationHelper.swift */; };
/* End PBXBuildFile section */

/* Begin PBXContainerItemProxy section */
		7893845B2C6F84FE00A54C68 /* PBXContainerItemProxy */ = {
			isa = PBXContainerItemProxy;
			containerPortal = 7893843D2C6F84F600A54C68 /* Project object */;
			proxyType = 1;
			remoteGlobalIDString = 789384442C6F84F600A54C68;
			remoteInfo = PlantPulse;
		};
		789384652C6F84FE00A54C68 /* PBXContainerItemProxy */ = {
			isa = PBXContainerItemProxy;
			containerPortal = 7893843D2C6F84F600A54C68 /* Project object */;
			proxyType = 1;
			remoteGlobalIDString = 789384442C6F84F600A54C68;
			remoteInfo = PlantPulse;
		};
/* End PBXContainerItemProxy section */

/* Begin PBXFileReference section */
		787E7EBC2C77E220006FCAE1 /* User.swift */ = {isa = PBXFileReference; lastKnownFileType = sourcecode.swift; path = User.swift; sourceTree = "<group>"; };
		787E7EBE2C77E2FE006FCAE1 /* Device.swift */ = {isa = PBXFileReference; lastKnownFileType = sourcecode.swift; path = Device.swift; sourceTree = "<group>"; };
		787E7EC02C77E3C3006FCAE1 /* Reading.swift */ = {isa = PBXFileReference; lastKnownFileType = sourcecode.swift; path = Reading.swift; sourceTree = "<group>"; };
		787E7EC22C780ACC006FCAE1 /* Profile.swift */ = {isa = PBXFileReference; lastKnownFileType = sourcecode.swift; path = Profile.swift; sourceTree = "<group>"; };
		787E7EC42C7A2E0C006FCAE1 /* RegisterViewModel.swift */ = {isa = PBXFileReference; lastKnownFileType = sourcecode.swift; path = RegisterViewModel.swift; sourceTree = "<group>"; };
		787E7EC62C7A38A3006FCAE1 /* RegistrationResponse.swift */ = {isa = PBXFileReference; lastKnownFileType = sourcecode.swift; path = RegistrationResponse.swift; sourceTree = "<group>"; };
		787E7EC82C7A3956006FCAE1 /* UserResponse.swift */ = {isa = PBXFileReference; lastKnownFileType = sourcecode.swift; path = UserResponse.swift; sourceTree = "<group>"; };
		787E7ECA2C7A52DD006FCAE1 /* HomeView.swift */ = {isa = PBXFileReference; lastKnownFileType = sourcecode.swift; path = HomeView.swift; sourceTree = "<group>"; };
		787E7ECC2C7A5358006FCAE1 /* ProfileView.swift */ = {isa = PBXFileReference; lastKnownFileType = sourcecode.swift; path = ProfileView.swift; sourceTree = "<group>"; };
		787E7ECE2C7A536C006FCAE1 /* SettingsView.swift */ = {isa = PBXFileReference; lastKnownFileType = sourcecode.swift; path = SettingsView.swift; sourceTree = "<group>"; };
		787E7ED02C7A8E3B006FCAE1 /* HomeViewModel.swift */ = {isa = PBXFileReference; lastKnownFileType = sourcecode.swift; path = HomeViewModel.swift; sourceTree = "<group>"; };
		787E7ED42C7BC9F6006FCAE1 /* DevicesResponse.swift */ = {isa = PBXFileReference; lastKnownFileType = sourcecode.swift; path = DevicesResponse.swift; sourceTree = "<group>"; };
		789384452C6F84F600A54C68 /* PlantPulse.app */ = {isa = PBXFileReference; explicitFileType = wrapper.application; includeInIndex = 0; path = PlantPulse.app; sourceTree = BUILT_PRODUCTS_DIR; };
		789384482C6F84F600A54C68 /* PlantPulseApp.swift */ = {isa = PBXFileReference; lastKnownFileType = sourcecode.swift; path = PlantPulseApp.swift; sourceTree = "<group>"; };
		7893844A2C6F84F600A54C68 /* ContentView.swift */ = {isa = PBXFileReference; lastKnownFileType = sourcecode.swift; path = ContentView.swift; sourceTree = "<group>"; };
		7893844C2C6F84FE00A54C68 /* Assets.xcassets */ = {isa = PBXFileReference; lastKnownFileType = folder.assetcatalog; path = Assets.xcassets; sourceTree = "<group>"; };
		7893844F2C6F84FE00A54C68 /* Preview Assets.xcassets */ = {isa = PBXFileReference; lastKnownFileType = folder.assetcatalog; path = "Preview Assets.xcassets"; sourceTree = "<group>"; };
		7893845A2C6F84FE00A54C68 /* PlantPulseTests.xctest */ = {isa = PBXFileReference; explicitFileType = wrapper.cfbundle; includeInIndex = 0; path = PlantPulseTests.xctest; sourceTree = BUILT_PRODUCTS_DIR; };
		7893845E2C6F84FE00A54C68 /* PlantPulseTests.swift */ = {isa = PBXFileReference; lastKnownFileType = sourcecode.swift; path = PlantPulseTests.swift; sourceTree = "<group>"; };
		789384642C6F84FE00A54C68 /* PlantPulseUITests.xctest */ = {isa = PBXFileReference; explicitFileType = wrapper.cfbundle; includeInIndex = 0; path = PlantPulseUITests.xctest; sourceTree = BUILT_PRODUCTS_DIR; };
		789384682C6F84FE00A54C68 /* PlantPulseUITests.swift */ = {isa = PBXFileReference; lastKnownFileType = sourcecode.swift; path = PlantPulseUITests.swift; sourceTree = "<group>"; };
		7893846A2C6F84FE00A54C68 /* PlantPulseUITestsLaunchTests.swift */ = {isa = PBXFileReference; lastKnownFileType = sourcecode.swift; path = PlantPulseUITestsLaunchTests.swift; sourceTree = "<group>"; };
		789384792C75080A00A54C68 /* LoginView.swift */ = {isa = PBXFileReference; lastKnownFileType = sourcecode.swift; path = LoginView.swift; sourceTree = "<group>"; };
		789384802C751E6500A54C68 /* LoginResponse.swift */ = {isa = PBXFileReference; lastKnownFileType = sourcecode.swift; path = LoginResponse.swift; sourceTree = "<group>"; };
		789384842C75215B00A54C68 /* APIService.swift */ = {isa = PBXFileReference; lastKnownFileType = sourcecode.swift; path = APIService.swift; sourceTree = "<group>"; };
		789384862C7539C600A54C68 /* KeychainHelper.swift */ = {isa = PBXFileReference; lastKnownFileType = sourcecode.swift; path = KeychainHelper.swift; sourceTree = "<group>"; };
		789384882C753D9800A54C68 /* NetworkConstants.swift */ = {isa = PBXFileReference; lastKnownFileType = sourcecode.swift; path = NetworkConstants.swift; sourceTree = "<group>"; };
		7893848A2C756F6000A54C68 /* RegisterView.swift */ = {isa = PBXFileReference; lastKnownFileType = sourcecode.swift; path = RegisterView.swift; sourceTree = "<group>"; };
		7893848C2C75721000A54C68 /* MainView.swift */ = {isa = PBXFileReference; lastKnownFileType = sourcecode.swift; path = MainView.swift; sourceTree = "<group>"; };
		7893848E2C764CBC00A54C68 /* ExpirationHelper.swift */ = {isa = PBXFileReference; lastKnownFileType = sourcecode.swift; path = ExpirationHelper.swift; sourceTree = "<group>"; };
/* End PBXFileReference section */

/* Begin PBXFrameworksBuildPhase section */
		789384422C6F84F600A54C68 /* Frameworks */ = {
			isa = PBXFrameworksBuildPhase;
			buildActionMask = 2147483647;
			files = (
			);
			runOnlyForDeploymentPostprocessing = 0;
		};
		789384572C6F84FE00A54C68 /* Frameworks */ = {
			isa = PBXFrameworksBuildPhase;
			buildActionMask = 2147483647;
			files = (
			);
			runOnlyForDeploymentPostprocessing = 0;
		};
		789384612C6F84FE00A54C68 /* Frameworks */ = {
			isa = PBXFrameworksBuildPhase;
			buildActionMask = 2147483647;
			files = (
			);
			runOnlyForDeploymentPostprocessing = 0;
		};
/* End PBXFrameworksBuildPhase section */

/* Begin PBXGroup section */
		7893843C2C6F84F600A54C68 = {
			isa = PBXGroup;
			children = (
				789384472C6F84F600A54C68 /* PlantPulse */,
				7893845D2C6F84FE00A54C68 /* PlantPulseTests */,
				789384672C6F84FE00A54C68 /* PlantPulseUITests */,
				789384462C6F84F600A54C68 /* Products */,
			);
			sourceTree = "<group>";
		};
		789384462C6F84F600A54C68 /* Products */ = {
			isa = PBXGroup;
			children = (
				789384452C6F84F600A54C68 /* PlantPulse.app */,
				7893845A2C6F84FE00A54C68 /* PlantPulseTests.xctest */,
				789384642C6F84FE00A54C68 /* PlantPulseUITests.xctest */,
			);
			name = Products;
			sourceTree = "<group>";
		};
		789384472C6F84F600A54C68 /* PlantPulse */ = {
			isa = PBXGroup;
			children = (
				7893847F2C751D1100A54C68 /* Utilities */,
				7893847E2C751D0000A54C68 /* Services */,
				7893847D2C751CF000A54C68 /* ViewModels */,
				7893847C2C751CE500A54C68 /* Views */,
				7893847B2C751CDA00A54C68 /* Models */,
				789384482C6F84F600A54C68 /* PlantPulseApp.swift */,
				7893844A2C6F84F600A54C68 /* ContentView.swift */,
				7893844C2C6F84FE00A54C68 /* Assets.xcassets */,
				7893844E2C6F84FE00A54C68 /* Preview Content */,
			);
			path = PlantPulse;
			sourceTree = "<group>";
		};
		7893844E2C6F84FE00A54C68 /* Preview Content */ = {
			isa = PBXGroup;
			children = (
				7893844F2C6F84FE00A54C68 /* Preview Assets.xcassets */,
			);
			path = "Preview Content";
			sourceTree = "<group>";
		};
		7893845D2C6F84FE00A54C68 /* PlantPulseTests */ = {
			isa = PBXGroup;
			children = (
				7893845E2C6F84FE00A54C68 /* PlantPulseTests.swift */,
			);
			path = PlantPulseTests;
			sourceTree = "<group>";
		};
		789384672C6F84FE00A54C68 /* PlantPulseUITests */ = {
			isa = PBXGroup;
			children = (
				789384682C6F84FE00A54C68 /* PlantPulseUITests.swift */,
				7893846A2C6F84FE00A54C68 /* PlantPulseUITestsLaunchTests.swift */,
			);
			path = PlantPulseUITests;
			sourceTree = "<group>";
		};
		7893847B2C751CDA00A54C68 /* Models */ = {
			isa = PBXGroup;
			children = (
				789384802C751E6500A54C68 /* LoginResponse.swift */,
				787E7EBC2C77E220006FCAE1 /* User.swift */,
				787E7EBE2C77E2FE006FCAE1 /* Device.swift */,
				787E7EC02C77E3C3006FCAE1 /* Reading.swift */,
				787E7EC82C7A3956006FCAE1 /* UserResponse.swift */,
				787E7EC62C7A38A3006FCAE1 /* RegistrationResponse.swift */,
				787E7ED42C7BC9F6006FCAE1 /* DevicesResponse.swift */,
			);
			path = Models;
			sourceTree = "<group>";
		};
		7893847C2C751CE500A54C68 /* Views */ = {
			isa = PBXGroup;
			children = (
				789384792C75080A00A54C68 /* LoginView.swift */,
				787E7ECE2C7A536C006FCAE1 /* SettingsView.swift */,
				7893848A2C756F6000A54C68 /* RegisterView.swift */,
				7893848C2C75721000A54C68 /* MainView.swift */,
				787E7ECA2C7A52DD006FCAE1 /* HomeView.swift */,
				787E7ECC2C7A5358006FCAE1 /* ProfileView.swift */,
			);
			path = Views;
			sourceTree = "<group>";
		};
		7893847D2C751CF000A54C68 /* ViewModels */ = {
			isa = PBXGroup;
			children = (
				787E7EC22C780ACC006FCAE1 /* Profile.swift */,
				787E7EC42C7A2E0C006FCAE1 /* RegisterViewModel.swift */,
				787E7ED02C7A8E3B006FCAE1 /* HomeViewModel.swift */,
			);
			path = ViewModels;
			sourceTree = "<group>";
		};
		7893847E2C751D0000A54C68 /* Services */ = {
			isa = PBXGroup;
			children = (
				789384842C75215B00A54C68 /* APIService.swift */,
				789384862C7539C600A54C68 /* KeychainHelper.swift */,
			);
			path = Services;
			sourceTree = "<group>";
		};
		7893847F2C751D1100A54C68 /* Utilities */ = {
			isa = PBXGroup;
			children = (
				789384882C753D9800A54C68 /* NetworkConstants.swift */,
				7893848E2C764CBC00A54C68 /* ExpirationHelper.swift */,
			);
			path = Utilities;
			sourceTree = "<group>";
		};
/* End PBXGroup section */

/* Begin PBXNativeTarget section */
		789384442C6F84F600A54C68 /* PlantPulse */ = {
			isa = PBXNativeTarget;
			buildConfigurationList = 7893846E2C6F84FE00A54C68 /* Build configuration list for PBXNativeTarget "PlantPulse" */;
			buildPhases = (
				789384412C6F84F600A54C68 /* Sources */,
				789384422C6F84F600A54C68 /* Frameworks */,
				789384432C6F84F600A54C68 /* Resources */,
			);
			buildRules = (
			);
			dependencies = (
			);
			name = PlantPulse;
			productName = PlantPulse;
			productReference = 789384452C6F84F600A54C68 /* PlantPulse.app */;
			productType = "com.apple.product-type.application";
		};
		789384592C6F84FE00A54C68 /* PlantPulseTests */ = {
			isa = PBXNativeTarget;
			buildConfigurationList = 789384712C6F84FE00A54C68 /* Build configuration list for PBXNativeTarget "PlantPulseTests" */;
			buildPhases = (
				789384562C6F84FE00A54C68 /* Sources */,
				789384572C6F84FE00A54C68 /* Frameworks */,
				789384582C6F84FE00A54C68 /* Resources */,
			);
			buildRules = (
			);
			dependencies = (
				7893845C2C6F84FE00A54C68 /* PBXTargetDependency */,
			);
			name = PlantPulseTests;
			productName = PlantPulseTests;
			productReference = 7893845A2C6F84FE00A54C68 /* PlantPulseTests.xctest */;
			productType = "com.apple.product-type.bundle.unit-test";
		};
		789384632C6F84FE00A54C68 /* PlantPulseUITests */ = {
			isa = PBXNativeTarget;
			buildConfigurationList = 789384742C6F84FE00A54C68 /* Build configuration list for PBXNativeTarget "PlantPulseUITests" */;
			buildPhases = (
				789384602C6F84FE00A54C68 /* Sources */,
				789384612C6F84FE00A54C68 /* Frameworks */,
				789384622C6F84FE00A54C68 /* Resources */,
			);
			buildRules = (
			);
			dependencies = (
				789384662C6F84FE00A54C68 /* PBXTargetDependency */,
			);
			name = PlantPulseUITests;
			productName = PlantPulseUITests;
			productReference = 789384642C6F84FE00A54C68 /* PlantPulseUITests.xctest */;
			productType = "com.apple.product-type.bundle.ui-testing";
		};
/* End PBXNativeTarget section */

/* Begin PBXProject section */
		7893843D2C6F84F600A54C68 /* Project object */ = {
			isa = PBXProject;
			attributes = {
				BuildIndependentTargetsInParallel = 1;
				LastSwiftUpdateCheck = 1420;
				LastUpgradeCheck = 1420;
				TargetAttributes = {
					789384442C6F84F600A54C68 = {
						CreatedOnToolsVersion = 14.2;
					};
					789384592C6F84FE00A54C68 = {
						CreatedOnToolsVersion = 14.2;
						TestTargetID = 789384442C6F84F600A54C68;
					};
					789384632C6F84FE00A54C68 = {
						CreatedOnToolsVersion = 14.2;
						TestTargetID = 789384442C6F84F600A54C68;
					};
				};
			};
			buildConfigurationList = 789384402C6F84F600A54C68 /* Build configuration list for PBXProject "PlantPulse" */;
			compatibilityVersion = "Xcode 14.0";
			developmentRegion = en;
			hasScannedForEncodings = 0;
			knownRegions = (
				en,
				Base,
			);
			mainGroup = 7893843C2C6F84F600A54C68;
			productRefGroup = 789384462C6F84F600A54C68 /* Products */;
			projectDirPath = "";
			projectRoot = "";
			targets = (
				789384442C6F84F600A54C68 /* PlantPulse */,
				789384592C6F84FE00A54C68 /* PlantPulseTests */,
				789384632C6F84FE00A54C68 /* PlantPulseUITests */,
			);
		};
/* End PBXProject section */

/* Begin PBXResourcesBuildPhase section */
		789384432C6F84F600A54C68 /* Resources */ = {
			isa = PBXResourcesBuildPhase;
			buildActionMask = 2147483647;
			files = (
				789384502C6F84FE00A54C68 /* Preview Assets.xcassets in Resources */,
				7893844D2C6F84FE00A54C68 /* Assets.xcassets in Resources */,
			);
			runOnlyForDeploymentPostprocessing = 0;
		};
		789384582C6F84FE00A54C68 /* Resources */ = {
			isa = PBXResourcesBuildPhase;
			buildActionMask = 2147483647;
			files = (
			);
			runOnlyForDeploymentPostprocessing = 0;
		};
		789384622C6F84FE00A54C68 /* Resources */ = {
			isa = PBXResourcesBuildPhase;
			buildActionMask = 2147483647;
			files = (
			);
			runOnlyForDeploymentPostprocessing = 0;
		};
/* End PBXResourcesBuildPhase section */

/* Begin PBXSourcesBuildPhase section */
		789384412C6F84F600A54C68 /* Sources */ = {
			isa = PBXSourcesBuildPhase;
			buildActionMask = 2147483647;
			files = (
				787E7ED52C7BC9F6006FCAE1 /* DevicesResponse.swift in Sources */,
				787E7EBD2C77E220006FCAE1 /* User.swift in Sources */,
				787E7EC52C7A2E0C006FCAE1 /* RegisterViewModel.swift in Sources */,
				7893847A2C75080A00A54C68 /* LoginView.swift in Sources */,
				7893848F2C764CBC00A54C68 /* ExpirationHelper.swift in Sources */,
				789384892C753D9800A54C68 /* NetworkConstants.swift in Sources */,
				787E7ECF2C7A536C006FCAE1 /* SettingsView.swift in Sources */,
				7893844B2C6F84F600A54C68 /* ContentView.swift in Sources */,
				787E7EBF2C77E2FE006FCAE1 /* Device.swift in Sources */,
				787E7EC92C7A3956006FCAE1 /* UserResponse.swift in Sources */,
				789384872C7539C600A54C68 /* KeychainHelper.swift in Sources */,
				787E7ECB2C7A52DD006FCAE1 /* HomeView.swift in Sources */,
				789384492C6F84F600A54C68 /* PlantPulseApp.swift in Sources */,
				787E7EC12C77E3C3006FCAE1 /* Reading.swift in Sources */,
				787E7EC32C780ACC006FCAE1 /* Profile.swift in Sources */,
				7893848B2C756F6000A54C68 /* RegisterView.swift in Sources */,
				789384852C75215B00A54C68 /* APIService.swift in Sources */,
				787E7ED12C7A8E3B006FCAE1 /* HomeViewModel.swift in Sources */,
				7893848D2C75721000A54C68 /* MainView.swift in Sources */,
				787E7ECD2C7A5358006FCAE1 /* ProfileView.swift in Sources */,
				789384812C751E6500A54C68 /* LoginResponse.swift in Sources */,
				787E7EC72C7A38A3006FCAE1 /* RegistrationResponse.swift in Sources */,
			);
			runOnlyForDeploymentPostprocessing = 0;
		};
		789384562C6F84FE00A54C68 /* Sources */ = {
			isa = PBXSourcesBuildPhase;
			buildActionMask = 2147483647;
			files = (
				7893845F2C6F84FE00A54C68 /* PlantPulseTests.swift in Sources */,
			);
			runOnlyForDeploymentPostprocessing = 0;
		};
		789384602C6F84FE00A54C68 /* Sources */ = {
			isa = PBXSourcesBuildPhase;
			buildActionMask = 2147483647;
			files = (
				7893846B2C6F84FE00A54C68 /* PlantPulseUITestsLaunchTests.swift in Sources */,
				789384692C6F84FE00A54C68 /* PlantPulseUITests.swift in Sources */,
			);
			runOnlyForDeploymentPostprocessing = 0;
		};
/* End PBXSourcesBuildPhase section */

/* Begin PBXTargetDependency section */
		7893845C2C6F84FE00A54C68 /* PBXTargetDependency */ = {
			isa = PBXTargetDependency;
			target = 789384442C6F84F600A54C68 /* PlantPulse */;
			targetProxy = 7893845B2C6F84FE00A54C68 /* PBXContainerItemProxy */;
		};
		789384662C6F84FE00A54C68 /* PBXTargetDependency */ = {
			isa = PBXTargetDependency;
			target = 789384442C6F84F600A54C68 /* PlantPulse */;
			targetProxy = 789384652C6F84FE00A54C68 /* PBXContainerItemProxy */;
		};
/* End PBXTargetDependency section */

/* Begin XCBuildConfiguration section */
		7893846C2C6F84FE00A54C68 /* Debug */ = {
			isa = XCBuildConfiguration;
			buildSettings = {
				ALWAYS_SEARCH_USER_PATHS = NO;
				CLANG_ANALYZER_NONNULL = YES;
				CLANG_ANALYZER_NUMBER_OBJECT_CONVERSION = YES_AGGRESSIVE;
				CLANG_CXX_LANGUAGE_STANDARD = "gnu++20";
				CLANG_ENABLE_MODULES = YES;
				CLANG_ENABLE_OBJC_ARC = YES;
				CLANG_ENABLE_OBJC_WEAK = YES;
				CLANG_WARN_BLOCK_CAPTURE_AUTORELEASING = YES;
				CLANG_WARN_BOOL_CONVERSION = YES;
				CLANG_WARN_COMMA = YES;
				CLANG_WARN_CONSTANT_CONVERSION = YES;
				CLANG_WARN_DEPRECATED_OBJC_IMPLEMENTATIONS = YES;
				CLANG_WARN_DIRECT_OBJC_ISA_USAGE = YES_ERROR;
				CLANG_WARN_DOCUMENTATION_COMMENTS = YES;
				CLANG_WARN_EMPTY_BODY = YES;
				CLANG_WARN_ENUM_CONVERSION = YES;
				CLANG_WARN_INFINITE_RECURSION = YES;
				CLANG_WARN_INT_CONVERSION = YES;
				CLANG_WARN_NON_LITERAL_NULL_CONVERSION = YES;
				CLANG_WARN_OBJC_IMPLICIT_RETAIN_SELF = YES;
				CLANG_WARN_OBJC_LITERAL_CONVERSION = YES;
				CLANG_WARN_OBJC_ROOT_CLASS = YES_ERROR;
				CLANG_WARN_QUOTED_INCLUDE_IN_FRAMEWORK_HEADER = YES;
				CLANG_WARN_RANGE_LOOP_ANALYSIS = YES;
				CLANG_WARN_STRICT_PROTOTYPES = YES;
				CLANG_WARN_SUSPICIOUS_MOVE = YES;
				CLANG_WARN_UNGUARDED_AVAILABILITY = YES_AGGRESSIVE;
				CLANG_WARN_UNREACHABLE_CODE = YES;
				CLANG_WARN__DUPLICATE_METHOD_MATCH = YES;
				COPY_PHASE_STRIP = NO;
				DEBUG_INFORMATION_FORMAT = dwarf;
				ENABLE_STRICT_OBJC_MSGSEND = YES;
				ENABLE_TESTABILITY = YES;
				GCC_C_LANGUAGE_STANDARD = gnu11;
				GCC_DYNAMIC_NO_PIC = NO;
				GCC_NO_COMMON_BLOCKS = YES;
				GCC_OPTIMIZATION_LEVEL = 0;
				GCC_PREPROCESSOR_DEFINITIONS = (
					"DEBUG=1",
					"$(inherited)",
				);
				GCC_WARN_64_TO_32_BIT_CONVERSION = YES;
				GCC_WARN_ABOUT_RETURN_TYPE = YES_ERROR;
				GCC_WARN_UNDECLARED_SELECTOR = YES;
				GCC_WARN_UNINITIALIZED_AUTOS = YES_AGGRESSIVE;
				GCC_WARN_UNUSED_FUNCTION = YES;
				GCC_WARN_UNUSED_VARIABLE = YES;
				IPHONEOS_DEPLOYMENT_TARGET = 16.2;
				MTL_ENABLE_DEBUG_INFO = INCLUDE_SOURCE;
				MTL_FAST_MATH = YES;
				ONLY_ACTIVE_ARCH = YES;
				SDKROOT = iphoneos;
				SWIFT_ACTIVE_COMPILATION_CONDITIONS = DEBUG;
				SWIFT_OPTIMIZATION_LEVEL = "-Onone";
			};
			name = Debug;
		};
		7893846D2C6F84FE00A54C68 /* Release */ = {
			isa = XCBuildConfiguration;
			buildSettings = {
				ALWAYS_SEARCH_USER_PATHS = NO;
				CLANG_ANALYZER_NONNULL = YES;
				CLANG_ANALYZER_NUMBER_OBJECT_CONVERSION = YES_AGGRESSIVE;
				CLANG_CXX_LANGUAGE_STANDARD = "gnu++20";
				CLANG_ENABLE_MODULES = YES;
				CLANG_ENABLE_OBJC_ARC = YES;
				CLANG_ENABLE_OBJC_WEAK = YES;
				CLANG_WARN_BLOCK_CAPTURE_AUTORELEASING = YES;
				CLANG_WARN_BOOL_CONVERSION = YES;
				CLANG_WARN_COMMA = YES;
				CLANG_WARN_CONSTANT_CONVERSION = YES;
				CLANG_WARN_DEPRECATED_OBJC_IMPLEMENTATIONS = YES;
				CLANG_WARN_DIRECT_OBJC_ISA_USAGE = YES_ERROR;
				CLANG_WARN_DOCUMENTATION_COMMENTS = YES;
				CLANG_WARN_EMPTY_BODY = YES;
				CLANG_WARN_ENUM_CONVERSION = YES;
				CLANG_WARN_INFINITE_RECURSION = YES;
				CLANG_WARN_INT_CONVERSION = YES;
				CLANG_WARN_NON_LITERAL_NULL_CONVERSION = YES;
				CLANG_WARN_OBJC_IMPLICIT_RETAIN_SELF = YES;
				CLANG_WARN_OBJC_LITERAL_CONVERSION = YES;
				CLANG_WARN_OBJC_ROOT_CLASS = YES_ERROR;
				CLANG_WARN_QUOTED_INCLUDE_IN_FRAMEWORK_HEADER = YES;
				CLANG_WARN_RANGE_LOOP_ANALYSIS = YES;
				CLANG_WARN_STRICT_PROTOTYPES = YES;
				CLANG_WARN_SUSPICIOUS_MOVE = YES;
				CLANG_WARN_UNGUARDED_AVAILABILITY = YES_AGGRESSIVE;
				CLANG_WARN_UNREACHABLE_CODE = YES;
				CLANG_WARN__DUPLICATE_METHOD_MATCH = YES;
				COPY_PHASE_STRIP = NO;
				DEBUG_INFORMATION_FORMAT = "dwarf-with-dsym";
				ENABLE_NS_ASSERTIONS = NO;
				ENABLE_STRICT_OBJC_MSGSEND = YES;
				GCC_C_LANGUAGE_STANDARD = gnu11;
				GCC_NO_COMMON_BLOCKS = YES;
				GCC_WARN_64_TO_32_BIT_CONVERSION = YES;
				GCC_WARN_ABOUT_RETURN_TYPE = YES_ERROR;
				GCC_WARN_UNDECLARED_SELECTOR = YES;
				GCC_WARN_UNINITIALIZED_AUTOS = YES_AGGRESSIVE;
				GCC_WARN_UNUSED_FUNCTION = YES;
				GCC_WARN_UNUSED_VARIABLE = YES;
				IPHONEOS_DEPLOYMENT_TARGET = 16.2;
				MTL_ENABLE_DEBUG_INFO = NO;
				MTL_FAST_MATH = YES;
				SDKROOT = iphoneos;
				SWIFT_COMPILATION_MODE = wholemodule;
				SWIFT_OPTIMIZATION_LEVEL = "-O";
				VALIDATE_PRODUCT = YES;
			};
			name = Release;
		};
		7893846F2C6F84FE00A54C68 /* Debug */ = {
			isa = XCBuildConfiguration;
			buildSettings = {
				ASSETCATALOG_COMPILER_APPICON_NAME = AppIcon;
				ASSETCATALOG_COMPILER_GLOBAL_ACCENT_COLOR_NAME = AccentColor;
				CODE_SIGN_STYLE = Automatic;
				CURRENT_PROJECT_VERSION = 1;
				DEVELOPMENT_ASSET_PATHS = "\"PlantPulse/Preview Content\"";
				ENABLE_PREVIEWS = YES;
				GENERATE_INFOPLIST_FILE = YES;
				INFOPLIST_KEY_UIApplicationSceneManifest_Generation = YES;
				INFOPLIST_KEY_UIApplicationSupportsIndirectInputEvents = YES;
				INFOPLIST_KEY_UILaunchScreen_Generation = YES;
				INFOPLIST_KEY_UISupportedInterfaceOrientations_iPad = "UIInterfaceOrientationPortrait UIInterfaceOrientationPortraitUpsideDown UIInterfaceOrientationLandscapeLeft UIInterfaceOrientationLandscapeRight";
				INFOPLIST_KEY_UISupportedInterfaceOrientations_iPhone = "UIInterfaceOrientationPortrait UIInterfaceOrientationLandscapeLeft UIInterfaceOrientationLandscapeRight";
				LD_RUNPATH_SEARCH_PATHS = (
					"$(inherited)",
					"@executable_path/Frameworks",
				);
				MARKETING_VERSION = 1.0;
				PRODUCT_BUNDLE_IDENTIFIER = app.plantpulse.PlantPulse;
				PRODUCT_NAME = "$(TARGET_NAME)";
				SWIFT_EMIT_LOC_STRINGS = YES;
				SWIFT_VERSION = 5.0;
				TARGETED_DEVICE_FAMILY = "1,2";
			};
			name = Debug;
		};
		789384702C6F84FE00A54C68 /* Release */ = {
			isa = XCBuildConfiguration;
			buildSettings = {
				ASSETCATALOG_COMPILER_APPICON_NAME = AppIcon;
				ASSETCATALOG_COMPILER_GLOBAL_ACCENT_COLOR_NAME = AccentColor;
				CODE_SIGN_STYLE = Automatic;
				CURRENT_PROJECT_VERSION = 1;
				DEVELOPMENT_ASSET_PATHS = "\"PlantPulse/Preview Content\"";
				ENABLE_PREVIEWS = YES;
				GENERATE_INFOPLIST_FILE = YES;
				INFOPLIST_KEY_UIApplicationSceneManifest_Generation = YES;
				INFOPLIST_KEY_UIApplicationSupportsIndirectInputEvents = YES;
				INFOPLIST_KEY_UILaunchScreen_Generation = YES;
				INFOPLIST_KEY_UISupportedInterfaceOrientations_iPad = "UIInterfaceOrientationPortrait UIInterfaceOrientationPortraitUpsideDown UIInterfaceOrientationLandscapeLeft UIInterfaceOrientationLandscapeRight";
				INFOPLIST_KEY_UISupportedInterfaceOrientations_iPhone = "UIInterfaceOrientationPortrait UIInterfaceOrientationLandscapeLeft UIInterfaceOrientationLandscapeRight";
				LD_RUNPATH_SEARCH_PATHS = (
					"$(inherited)",
					"@executable_path/Frameworks",
				);
				MARKETING_VERSION = 1.0;
				PRODUCT_BUNDLE_IDENTIFIER = app.plantpulse.PlantPulse;
				PRODUCT_NAME = "$(TARGET_NAME)";
				SWIFT_EMIT_LOC_STRINGS = YES;
				SWIFT_VERSION = 5.0;
				TARGETED_DEVICE_FAMILY = "1,2";
			};
			name = Release;
		};
		789384722C6F84FE00A54C68 /* Debug */ = {
			isa = XCBuildConfiguration;
			buildSettings = {
				ALWAYS_EMBED_SWIFT_STANDARD_LIBRARIES = YES;
				BUNDLE_LOADER = "$(TEST_HOST)";
				CODE_SIGN_STYLE = Automatic;
				CURRENT_PROJECT_VERSION = 1;
				GENERATE_INFOPLIST_FILE = YES;
				IPHONEOS_DEPLOYMENT_TARGET = 16.2;
				MARKETING_VERSION = 1.0;
				PRODUCT_BUNDLE_IDENTIFIER = app.plantpulse.PlantPulseTests;
				PRODUCT_NAME = "$(TARGET_NAME)";
				SWIFT_EMIT_LOC_STRINGS = NO;
				SWIFT_VERSION = 5.0;
				TARGETED_DEVICE_FAMILY = "1,2";
				TEST_HOST = "$(BUILT_PRODUCTS_DIR)/PlantPulse.app/$(BUNDLE_EXECUTABLE_FOLDER_PATH)/PlantPulse";
			};
			name = Debug;
		};
		789384732C6F84FE00A54C68 /* Release */ = {
			isa = XCBuildConfiguration;
			buildSettings = {
				ALWAYS_EMBED_SWIFT_STANDARD_LIBRARIES = YES;
				BUNDLE_LOADER = "$(TEST_HOST)";
				CODE_SIGN_STYLE = Automatic;
				CURRENT_PROJECT_VERSION = 1;
				GENERATE_INFOPLIST_FILE = YES;
				IPHONEOS_DEPLOYMENT_TARGET = 16.2;
				MARKETING_VERSION = 1.0;
				PRODUCT_BUNDLE_IDENTIFIER = app.plantpulse.PlantPulseTests;
				PRODUCT_NAME = "$(TARGET_NAME)";
				SWIFT_EMIT_LOC_STRINGS = NO;
				SWIFT_VERSION = 5.0;
				TARGETED_DEVICE_FAMILY = "1,2";
				TEST_HOST = "$(BUILT_PRODUCTS_DIR)/PlantPulse.app/$(BUNDLE_EXECUTABLE_FOLDER_PATH)/PlantPulse";
			};
			name = Release;
		};
		789384752C6F84FE00A54C68 /* Debug */ = {
			isa = XCBuildConfiguration;
			buildSettings = {
				ALWAYS_EMBED_SWIFT_STANDARD_LIBRARIES = YES;
				CODE_SIGN_STYLE = Automatic;
				CURRENT_PROJECT_VERSION = 1;
				GENERATE_INFOPLIST_FILE = YES;
				MARKETING_VERSION = 1.0;
				PRODUCT_BUNDLE_IDENTIFIER = app.plantpulse.PlantPulseUITests;
				PRODUCT_NAME = "$(TARGET_NAME)";
				SWIFT_EMIT_LOC_STRINGS = NO;
				SWIFT_VERSION = 5.0;
				TARGETED_DEVICE_FAMILY = "1,2";
				TEST_TARGET_NAME = PlantPulse;
			};
			name = Debug;
		};
		789384762C6F84FE00A54C68 /* Release */ = {
			isa = XCBuildConfiguration;
			buildSettings = {
				ALWAYS_EMBED_SWIFT_STANDARD_LIBRARIES = YES;
				CODE_SIGN_STYLE = Automatic;
				CURRENT_PROJECT_VERSION = 1;
				GENERATE_INFOPLIST_FILE = YES;
				MARKETING_VERSION = 1.0;
				PRODUCT_BUNDLE_IDENTIFIER = app.plantpulse.PlantPulseUITests;
				PRODUCT_NAME = "$(TARGET_NAME)";
				SWIFT_EMIT_LOC_STRINGS = NO;
				SWIFT_VERSION = 5.0;
				TARGETED_DEVICE_FAMILY = "1,2";
				TEST_TARGET_NAME = PlantPulse;
			};
			name = Release;
		};
/* End XCBuildConfiguration section */

/* Begin XCConfigurationList section */
		789384402C6F84F600A54C68 /* Build configuration list for PBXProject "PlantPulse" */ = {
			isa = XCConfigurationList;
			buildConfigurations = (
				7893846C2C6F84FE00A54C68 /* Debug */,
				7893846D2C6F84FE00A54C68 /* Release */,
			);
			defaultConfigurationIsVisible = 0;
			defaultConfigurationName = Release;
		};
		7893846E2C6F84FE00A54C68 /* Build configuration list for PBXNativeTarget "PlantPulse" */ = {
			isa = XCConfigurationList;
			buildConfigurations = (
				7893846F2C6F84FE00A54C68 /* Debug */,
				789384702C6F84FE00A54C68 /* Release */,
			);
			defaultConfigurationIsVisible = 0;
			defaultConfigurationName = Release;
		};
		789384712C6F84FE00A54C68 /* Build configuration list for PBXNativeTarget "PlantPulseTests" */ = {
			isa = XCConfigurationList;
			buildConfigurations = (
				789384722C6F84FE00A54C68 /* Debug */,
				789384732C6F84FE00A54C68 /* Release */,
			);
			defaultConfigurationIsVisible = 0;
			defaultConfigurationName = Release;
		};
		789384742C6F84FE00A54C68 /* Build configuration list for PBXNativeTarget "PlantPulseUITests" */ = {
			isa = XCConfigurationList;
			buildConfigurations = (
				789384752C6F84FE00A54C68 /* Debug */,
				789384762C6F84FE00A54C68 /* Release */,
			);
			defaultConfigurationIsVisible = 0;
			defaultConfigurationName = Release;
		};
/* End XCConfigurationList section */
	};
	rootObject = 7893843D2C6F84F600A54C68 /* Project object */;
}
