// !$*UTF8*$!
{
	archiveVersion = 1;
	classes = {
	};
	objectVersion = 56;
	objects = {

/* Begin PBXBuildFile section */
		780029482CEFA8D000F486F5 /* ToDoTask.swift in Sources */ = {isa = PBXBuildFile; fileRef = 780029472CEFA8C800F486F5 /* ToDoTask.swift */; };
		7800294A2CEFAC4C00F486F5 /* TaskDetailView.swift in Sources */ = {isa = PBXBuildFile; fileRef = 780029492CEFAC4500F486F5 /* TaskDetailView.swift */; };
		7800294C2CEFACA200F486F5 /* AnimatedIcon.swift in Sources */ = {isa = PBXBuildFile; fileRef = 7800294B2CEFAC9D00F486F5 /* AnimatedIcon.swift */; };
		7800294E2CEFACC800F486F5 /* TasksViewModel.swift in Sources */ = {isa = PBXBuildFile; fileRef = 7800294D2CEFACC300F486F5 /* TasksViewModel.swift */; };
		78531BE22C9E014200404054 /* PlantIDViewModel.swift in Sources */ = {isa = PBXBuildFile; fileRef = 78531BE12C9E014200404054 /* PlantIDViewModel.swift */; };
		787634DA2C8FA8E900377091 /* DeviceInfoView.swift in Sources */ = {isa = PBXBuildFile; fileRef = 787634D92C8FA8E900377091 /* DeviceInfoView.swift */; };
		787634DC2C8FD9CF00377091 /* WiFiSetupViewModel.swift in Sources */ = {isa = PBXBuildFile; fileRef = 787634DB2C8FD9CF00377091 /* WiFiSetupViewModel.swift */; };
		787E7EBD2C77E220006FCAE1 /* User.swift in Sources */ = {isa = PBXBuildFile; fileRef = 787E7EBC2C77E220006FCAE1 /* User.swift */; };
		787E7EBF2C77E2FE006FCAE1 /* Device.swift in Sources */ = {isa = PBXBuildFile; fileRef = 787E7EBE2C77E2FE006FCAE1 /* Device.swift */; };
		787E7EC12C77E3C3006FCAE1 /* Reading.swift in Sources */ = {isa = PBXBuildFile; fileRef = 787E7EC02C77E3C3006FCAE1 /* Reading.swift */; };
		787E7EC32C780ACC006FCAE1 /* Profile.swift in Sources */ = {isa = PBXBuildFile; fileRef = 787E7EC22C780ACC006FCAE1 /* Profile.swift */; };
		787E7EC52C7A2E0C006FCAE1 /* RegisterViewModel.swift in Sources */ = {isa = PBXBuildFile; fileRef = 787E7EC42C7A2E0C006FCAE1 /* RegisterViewModel.swift */; };
		787E7ECB2C7A52DD006FCAE1 /* HomeView.swift in Sources */ = {isa = PBXBuildFile; fileRef = 787E7ECA2C7A52DD006FCAE1 /* HomeView.swift */; };
		787E7ECD2C7A5358006FCAE1 /* ProfileView.swift in Sources */ = {isa = PBXBuildFile; fileRef = 787E7ECC2C7A5358006FCAE1 /* ProfileView.swift */; };
		787E7ECF2C7A536C006FCAE1 /* SettingsView.swift in Sources */ = {isa = PBXBuildFile; fileRef = 787E7ECE2C7A536C006FCAE1 /* SettingsView.swift */; };
		787E7ED12C7A8E3B006FCAE1 /* HomeViewModel.swift in Sources */ = {isa = PBXBuildFile; fileRef = 787E7ED02C7A8E3B006FCAE1 /* HomeViewModel.swift */; };
		787E7ED92C7F6036006FCAE1 /* UserDefaultsHelper.swift in Sources */ = {isa = PBXBuildFile; fileRef = 787E7ED82C7F6036006FCAE1 /* UserDefaultsHelper.swift */; };
		789384492C6F84F600A54C68 /* PlantPulseApp.swift in Sources */ = {isa = PBXBuildFile; fileRef = 789384482C6F84F600A54C68 /* PlantPulseApp.swift */; };
		7893844B2C6F84F600A54C68 /* ContentView.swift in Sources */ = {isa = PBXBuildFile; fileRef = 7893844A2C6F84F600A54C68 /* ContentView.swift */; };
		7893844D2C6F84FE00A54C68 /* Assets.xcassets in Resources */ = {isa = PBXBuildFile; fileRef = 7893844C2C6F84FE00A54C68 /* Assets.xcassets */; };
		789384502C6F84FE00A54C68 /* Preview Assets.xcassets in Resources */ = {isa = PBXBuildFile; fileRef = 7893844F2C6F84FE00A54C68 /* Preview Assets.xcassets */; };
		7893845F2C6F84FE00A54C68 /* PlantPulseTests.swift in Sources */ = {isa = PBXBuildFile; fileRef = 7893845E2C6F84FE00A54C68 /* PlantPulseTests.swift */; };
		789384692C6F84FE00A54C68 /* PlantPulseUITests.swift in Sources */ = {isa = PBXBuildFile; fileRef = 789384682C6F84FE00A54C68 /* PlantPulseUITests.swift */; };
		7893846B2C6F84FE00A54C68 /* PlantPulseUITestsLaunchTests.swift in Sources */ = {isa = PBXBuildFile; fileRef = 7893846A2C6F84FE00A54C68 /* PlantPulseUITestsLaunchTests.swift */; };
		7893847A2C75080A00A54C68 /* LoginView.swift in Sources */ = {isa = PBXBuildFile; fileRef = 789384792C75080A00A54C68 /* LoginView.swift */; };
		789384852C75215B00A54C68 /* APIHelper.swift in Sources */ = {isa = PBXBuildFile; fileRef = 789384842C75215B00A54C68 /* APIHelper.swift */; };
		789384872C7539C600A54C68 /* KeychainHelper.swift in Sources */ = {isa = PBXBuildFile; fileRef = 789384862C7539C600A54C68 /* KeychainHelper.swift */; };
		789384892C753D9800A54C68 /* NetworkConstants.swift in Sources */ = {isa = PBXBuildFile; fileRef = 789384882C753D9800A54C68 /* NetworkConstants.swift */; };
		7893848B2C756F6000A54C68 /* RegisterView.swift in Sources */ = {isa = PBXBuildFile; fileRef = 7893848A2C756F6000A54C68 /* RegisterView.swift */; };
		7893848D2C75721000A54C68 /* MainView.swift in Sources */ = {isa = PBXBuildFile; fileRef = 7893848C2C75721000A54C68 /* MainView.swift */; };
		7893848F2C764CBC00A54C68 /* ExpirationHelper.swift in Sources */ = {isa = PBXBuildFile; fileRef = 7893848E2C764CBC00A54C68 /* ExpirationHelper.swift */; };
		78A3A9572CC9373F00E2A3B5 /* PlantInfoView.swift in Sources */ = {isa = PBXBuildFile; fileRef = 78A3A9562CC9373F00E2A3B5 /* PlantInfoView.swift */; };
		78A3A95B2CCBF09300E2A3B5 /* PlantInfoViewModel.swift in Sources */ = {isa = PBXBuildFile; fileRef = 78A3A95A2CCBF09300E2A3B5 /* PlantInfoViewModel.swift */; };
		78A3A95F2CCEA7AE00E2A3B5 /* DeviceViewDestination.swift in Sources */ = {isa = PBXBuildFile; fileRef = 78A3A95E2CCEA7AE00E2A3B5 /* DeviceViewDestination.swift */; };
		78A3A9632CCEC5C700E2A3B5 /* PlantsView.swift in Sources */ = {isa = PBXBuildFile; fileRef = 78A3A9622CCEC5C700E2A3B5 /* PlantsView.swift */; };
		78A3A9652CCEC6D100E2A3B5 /* TasksView.swift in Sources */ = {isa = PBXBuildFile; fileRef = 78A3A9642CCEC6D100E2A3B5 /* TasksView.swift */; };
		78A3A9672CCEC70F00E2A3B5 /* PlantsViewModel.swift in Sources */ = {isa = PBXBuildFile; fileRef = 78A3A9662CCEC70F00E2A3B5 /* PlantsViewModel.swift */; };
		78A3A9692CCEC97900E2A3B5 /* NewPlantView.swift in Sources */ = {isa = PBXBuildFile; fileRef = 78A3A9682CCEC97900E2A3B5 /* NewPlantView.swift */; };
		78A3A96B2CCED1EC00E2A3B5 /* WeatherMangaer.swift in Sources */ = {isa = PBXBuildFile; fileRef = 78A3A96A2CCED1EC00E2A3B5 /* WeatherMangaer.swift */; };
		78A3A96D2CCED30F00E2A3B5 /* LocationManager.swift in Sources */ = {isa = PBXBuildFile; fileRef = 78A3A96C2CCED2FE00E2A3B5 /* LocationManager.swift */; };
		78A3A96F2CCED35900E2A3B5 /* WeatherResponse.swift in Sources */ = {isa = PBXBuildFile; fileRef = 78A3A96E2CCED33900E2A3B5 /* WeatherResponse.swift */; };
		78A3A9772CCFF07400E2A3B5 /* AreaView.swift in Sources */ = {isa = PBXBuildFile; fileRef = 78A3A9762CCFF07000E2A3B5 /* AreaView.swift */; };
		78A3A9792CCFF40300E2A3B5 /* AreasResponse.swift in Sources */ = {isa = PBXBuildFile; fileRef = 78A3A9782CCFF3FD00E2A3B5 /* AreasResponse.swift */; };
		78A3A97D2CD03D1200E2A3B5 /* AddPlantView.swift in Sources */ = {isa = PBXBuildFile; fileRef = 78A3A97C2CD03D0B00E2A3B5 /* AddPlantView.swift */; };
		78A3A9832CD03F5D00E2A3B5 /* PlantTypeManager.swift in Sources */ = {isa = PBXBuildFile; fileRef = 78A3A9822CD03F4F00E2A3B5 /* PlantTypeManager.swift */; };
		78A3A9852CD041E700E2A3B5 /* AddAreaView.swift in Sources */ = {isa = PBXBuildFile; fileRef = 78A3A9842CD041E200E2A3B5 /* AddAreaView.swift */; };
		78A3A9892CD046AB00E2A3B5 /* AddArea.swift in Sources */ = {isa = PBXBuildFile; fileRef = 78A3A9882CD046A600E2A3B5 /* AddArea.swift */; };
		78A3A9912CD14D3C00E2A3B5 /* AddAreaViewModel.swift in Sources */ = {isa = PBXBuildFile; fileRef = 78A3A9902CD14D3600E2A3B5 /* AddAreaViewModel.swift */; };
		78A3A99E2CD2A47500E2A3B5 /* ChooseHubDeviceView.swift in Sources */ = {isa = PBXBuildFile; fileRef = 78A3A9982CD2A47500E2A3B5 /* ChooseHubDeviceView.swift */; };
		78A3A99F2CD2A47500E2A3B5 /* DeviceRegistrationCompletionView.swift in Sources */ = {isa = PBXBuildFile; fileRef = 78A3A9992CD2A47500E2A3B5 /* DeviceRegistrationCompletionView.swift */; };
		78A3A9A02CD2A47500E2A3B5 /* DeviceRegistrationView.swift in Sources */ = {isa = PBXBuildFile; fileRef = 78A3A99A2CD2A47500E2A3B5 /* DeviceRegistrationView.swift */; };
		78A3A9A12CD2A47500E2A3B5 /* PlantIDView.swift in Sources */ = {isa = PBXBuildFile; fileRef = 78A3A99B2CD2A47500E2A3B5 /* PlantIDView.swift */; };
		78A3A9A22CD2A47500E2A3B5 /* WiFiSetupView.swift in Sources */ = {isa = PBXBuildFile; fileRef = 78A3A99C2CD2A47500E2A3B5 /* WiFiSetupView.swift */; };
		78A3A9AB2CD2A47E00E2A3B5 /* AreaSectionView.swift in Sources */ = {isa = PBXBuildFile; fileRef = 78A3A9A32CD2A47E00E2A3B5 /* AreaSectionView.swift */; };
		78A3A9AC2CD2A47E00E2A3B5 /* CondensedWeatherView.swift in Sources */ = {isa = PBXBuildFile; fileRef = 78A3A9A42CD2A47E00E2A3B5 /* CondensedWeatherView.swift */; };
		78A3A9AD2CD2A47E00E2A3B5 /* HorizontalPlantScrollView.swift in Sources */ = {isa = PBXBuildFile; fileRef = 78A3A9A52CD2A47E00E2A3B5 /* HorizontalPlantScrollView.swift */; };
		78A3A9AE2CD2A47E00E2A3B5 /* PasswordHelperView.swift in Sources */ = {isa = PBXBuildFile; fileRef = 78A3A9A62CD2A47E00E2A3B5 /* PasswordHelperView.swift */; };
		78A3A9AF2CD2A47E00E2A3B5 /* PlantCardView.swift in Sources */ = {isa = PBXBuildFile; fileRef = 78A3A9A72CD2A47E00E2A3B5 /* PlantCardView.swift */; };
		78A3A9B02CD2A47E00E2A3B5 /* PlantTypeSelectionView.swift in Sources */ = {isa = PBXBuildFile; fileRef = 78A3A9A82CD2A47E00E2A3B5 /* PlantTypeSelectionView.swift */; };
		78A3A9B12CD2A47E00E2A3B5 /* WiFiSignalView.swift in Sources */ = {isa = PBXBuildFile; fileRef = 78A3A9A92CD2A47E00E2A3B5 /* WiFiSignalView.swift */; };
		78A3A9B32CD3D5F100E2A3B5 /* AreaAddPlantView.swift in Sources */ = {isa = PBXBuildFile; fileRef = 78A3A9B22CD3D5EF00E2A3B5 /* AreaAddPlantView.swift */; };
		78A3A9B52CD3D7AB00E2A3B5 /* AreaViewModel.swift in Sources */ = {isa = PBXBuildFile; fileRef = 78A3A9B42CD3D7A800E2A3B5 /* AreaViewModel.swift */; };
		78A3A9B72CD3DE6800E2A3B5 /* AreaAddPlantViewModel.swift in Sources */ = {isa = PBXBuildFile; fileRef = 78A3A9B62CD3DE6600E2A3B5 /* AreaAddPlantViewModel.swift */; };
		78A3A9B92CD4071D00E2A3B5 /* AddDeviceView.swift in Sources */ = {isa = PBXBuildFile; fileRef = 78A3A9B82CD4071600E2A3B5 /* AddDeviceView.swift */; };
		78A3A9BD2CD4F7BE00E2A3B5 /* RemoveDeviceView.swift in Sources */ = {isa = PBXBuildFile; fileRef = 78A3A9BC2CD4F7BC00E2A3B5 /* RemoveDeviceView.swift */; };
		78A3A9BF2CD4F9B000E2A3B5 /* DeviceInfoViewModel.swift in Sources */ = {isa = PBXBuildFile; fileRef = 78A3A9BE2CD4F9AD00E2A3B5 /* DeviceInfoViewModel.swift */; };
		78A3A9C42CD5509200E2A3B5 /* Secrets.swift in Sources */ = {isa = PBXBuildFile; fileRef = 78A3A9C32CD5508E00E2A3B5 /* Secrets.swift */; };
		78A3A9C82CDA8CB800E2A3B5 /* Secrets.plist in Resources */ = {isa = PBXBuildFile; fileRef = 78A3A9C72CDA8CAC00E2A3B5 /* Secrets.plist */; };
		78E698542C97340D0086FD68 /* ScheduleView.swift in Sources */ = {isa = PBXBuildFile; fileRef = 78E698532C97340D0086FD68 /* ScheduleView.swift */; };
		78FB8A942C7FC30300F67193 /* ESPProvision in Frameworks */ = {isa = PBXBuildFile; productRef = 78FB8A932C7FC30300F67193 /* ESPProvision */; };
		78FB8A9C2C82586300F67193 /* DevicesView.swift in Sources */ = {isa = PBXBuildFile; fileRef = 78FB8A9B2C82586300F67193 /* DevicesView.swift */; };
		78FB8A9E2C83A98300F67193 /* DevicesViewModel.swift in Sources */ = {isa = PBXBuildFile; fileRef = 78FB8A9D2C83A98300F67193 /* DevicesViewModel.swift */; };
		78FB8AA02C83ABAE00F67193 /* Plant.swift in Sources */ = {isa = PBXBuildFile; fileRef = 78FB8A9F2C83ABAE00F67193 /* Plant.swift */; };
/* End PBXBuildFile section */

/* Begin PBXContainerItemProxy section */
		7893845B2C6F84FE00A54C68 /* PBXContainerItemProxy */ = {
			isa = PBXContainerItemProxy;
			containerPortal = 7893843D2C6F84F600A54C68 /* Project object */;
			proxyType = 1;
			remoteGlobalIDString = 789384442C6F84F600A54C68;
			remoteInfo = PlantPulse;
		};
		789384652C6F84FE00A54C68 /* PBXContainerItemProxy */ = {
			isa = PBXContainerItemProxy;
			containerPortal = 7893843D2C6F84F600A54C68 /* Project object */;
			proxyType = 1;
			remoteGlobalIDString = 789384442C6F84F600A54C68;
			remoteInfo = PlantPulse;
		};
/* End PBXContainerItemProxy section */

/* Begin PBXFileReference section */
		780029472CEFA8C800F486F5 /* ToDoTask.swift */ = {isa = PBXFileReference; lastKnownFileType = sourcecode.swift; path = ToDoTask.swift; sourceTree = "<group>"; };
		780029492CEFAC4500F486F5 /* TaskDetailView.swift */ = {isa = PBXFileReference; lastKnownFileType = sourcecode.swift; path = TaskDetailView.swift; sourceTree = "<group>"; };
		7800294B2CEFAC9D00F486F5 /* AnimatedIcon.swift */ = {isa = PBXFileReference; lastKnownFileType = sourcecode.swift; path = AnimatedIcon.swift; sourceTree = "<group>"; };
		7800294D2CEFACC300F486F5 /* TasksViewModel.swift */ = {isa = PBXFileReference; lastKnownFileType = sourcecode.swift; path = TasksViewModel.swift; sourceTree = "<group>"; };
		783452F82C84F3C600E0FC95 /* Info.plist */ = {isa = PBXFileReference; lastKnownFileType = text.plist; path = Info.plist; sourceTree = "<group>"; };
		78531BE12C9E014200404054 /* PlantIDViewModel.swift */ = {isa = PBXFileReference; lastKnownFileType = sourcecode.swift; path = PlantIDViewModel.swift; sourceTree = "<group>"; };
		787634D92C8FA8E900377091 /* DeviceInfoView.swift */ = {isa = PBXFileReference; lastKnownFileType = sourcecode.swift; path = DeviceInfoView.swift; sourceTree = "<group>"; };
		787634DB2C8FD9CF00377091 /* WiFiSetupViewModel.swift */ = {isa = PBXFileReference; lastKnownFileType = sourcecode.swift; name = WiFiSetupViewModel.swift; path = PlantPulse/Models/WiFiSetupViewModel.swift; sourceTree = SOURCE_ROOT; };
		787E7EBC2C77E220006FCAE1 /* User.swift */ = {isa = PBXFileReference; lastKnownFileType = sourcecode.swift; path = User.swift; sourceTree = "<group>"; };
		787E7EBE2C77E2FE006FCAE1 /* Device.swift */ = {isa = PBXFileReference; lastKnownFileType = sourcecode.swift; path = Device.swift; sourceTree = "<group>"; };
		787E7EC02C77E3C3006FCAE1 /* Reading.swift */ = {isa = PBXFileReference; lastKnownFileType = sourcecode.swift; path = Reading.swift; sourceTree = "<group>"; };
		787E7EC22C780ACC006FCAE1 /* Profile.swift */ = {isa = PBXFileReference; lastKnownFileType = sourcecode.swift; path = Profile.swift; sourceTree = "<group>"; };
		787E7EC42C7A2E0C006FCAE1 /* RegisterViewModel.swift */ = {isa = PBXFileReference; lastKnownFileType = sourcecode.swift; path = RegisterViewModel.swift; sourceTree = "<group>"; };
		787E7ECA2C7A52DD006FCAE1 /* HomeView.swift */ = {isa = PBXFileReference; lastKnownFileType = sourcecode.swift; path = HomeView.swift; sourceTree = "<group>"; };
		787E7ECC2C7A5358006FCAE1 /* ProfileView.swift */ = {isa = PBXFileReference; lastKnownFileType = sourcecode.swift; path = ProfileView.swift; sourceTree = "<group>"; };
		787E7ECE2C7A536C006FCAE1 /* SettingsView.swift */ = {isa = PBXFileReference; lastKnownFileType = sourcecode.swift; path = SettingsView.swift; sourceTree = "<group>"; };
		787E7ED02C7A8E3B006FCAE1 /* HomeViewModel.swift */ = {isa = PBXFileReference; lastKnownFileType = sourcecode.swift; path = HomeViewModel.swift; sourceTree = "<group>"; };
		787E7ED82C7F6036006FCAE1 /* UserDefaultsHelper.swift */ = {isa = PBXFileReference; lastKnownFileType = sourcecode.swift; name = UserDefaultsHelper.swift; path = PlantPulse/Utilities/UserDefaultsHelper.swift; sourceTree = SOURCE_ROOT; };
		789384452C6F84F600A54C68 /* PlantPulse.app */ = {isa = PBXFileReference; explicitFileType = wrapper.application; includeInIndex = 0; path = PlantPulse.app; sourceTree = BUILT_PRODUCTS_DIR; };
		789384482C6F84F600A54C68 /* PlantPulseApp.swift */ = {isa = PBXFileReference; lastKnownFileType = sourcecode.swift; path = PlantPulseApp.swift; sourceTree = "<group>"; };
		7893844A2C6F84F600A54C68 /* ContentView.swift */ = {isa = PBXFileReference; lastKnownFileType = sourcecode.swift; path = ContentView.swift; sourceTree = "<group>"; };
		7893844C2C6F84FE00A54C68 /* Assets.xcassets */ = {isa = PBXFileReference; lastKnownFileType = folder.assetcatalog; path = Assets.xcassets; sourceTree = "<group>"; };
		7893844F2C6F84FE00A54C68 /* Preview Assets.xcassets */ = {isa = PBXFileReference; lastKnownFileType = folder.assetcatalog; path = "Preview Assets.xcassets"; sourceTree = "<group>"; };
		7893845A2C6F84FE00A54C68 /* PlantPulseTests.xctest */ = {isa = PBXFileReference; explicitFileType = wrapper.cfbundle; includeInIndex = 0; path = PlantPulseTests.xctest; sourceTree = BUILT_PRODUCTS_DIR; };
		7893845E2C6F84FE00A54C68 /* PlantPulseTests.swift */ = {isa = PBXFileReference; lastKnownFileType = sourcecode.swift; path = PlantPulseTests.swift; sourceTree = "<group>"; };
		789384642C6F84FE00A54C68 /* PlantPulseUITests.xctest */ = {isa = PBXFileReference; explicitFileType = wrapper.cfbundle; includeInIndex = 0; path = PlantPulseUITests.xctest; sourceTree = BUILT_PRODUCTS_DIR; };
		789384682C6F84FE00A54C68 /* PlantPulseUITests.swift */ = {isa = PBXFileReference; lastKnownFileType = sourcecode.swift; path = PlantPulseUITests.swift; sourceTree = "<group>"; };
		7893846A2C6F84FE00A54C68 /* PlantPulseUITestsLaunchTests.swift */ = {isa = PBXFileReference; lastKnownFileType = sourcecode.swift; path = PlantPulseUITestsLaunchTests.swift; sourceTree = "<group>"; };
		789384792C75080A00A54C68 /* LoginView.swift */ = {isa = PBXFileReference; lastKnownFileType = sourcecode.swift; path = LoginView.swift; sourceTree = "<group>"; };
		789384842C75215B00A54C68 /* APIHelper.swift */ = {isa = PBXFileReference; lastKnownFileType = sourcecode.swift; path = APIHelper.swift; sourceTree = "<group>"; };
		789384862C7539C600A54C68 /* KeychainHelper.swift */ = {isa = PBXFileReference; lastKnownFileType = sourcecode.swift; path = KeychainHelper.swift; sourceTree = "<group>"; };
		789384882C753D9800A54C68 /* NetworkConstants.swift */ = {isa = PBXFileReference; lastKnownFileType = sourcecode.swift; path = NetworkConstants.swift; sourceTree = "<group>"; };
		7893848A2C756F6000A54C68 /* RegisterView.swift */ = {isa = PBXFileReference; lastKnownFileType = sourcecode.swift; path = RegisterView.swift; sourceTree = "<group>"; };
		7893848C2C75721000A54C68 /* MainView.swift */ = {isa = PBXFileReference; lastKnownFileType = sourcecode.swift; path = MainView.swift; sourceTree = "<group>"; };
		7893848E2C764CBC00A54C68 /* ExpirationHelper.swift */ = {isa = PBXFileReference; lastKnownFileType = sourcecode.swift; path = ExpirationHelper.swift; sourceTree = "<group>"; };
		78A3A9562CC9373F00E2A3B5 /* PlantInfoView.swift */ = {isa = PBXFileReference; lastKnownFileType = sourcecode.swift; path = PlantInfoView.swift; sourceTree = "<group>"; };
		78A3A95A2CCBF09300E2A3B5 /* PlantInfoViewModel.swift */ = {isa = PBXFileReference; lastKnownFileType = sourcecode.swift; path = PlantInfoViewModel.swift; sourceTree = "<group>"; };
		78A3A95E2CCEA7AE00E2A3B5 /* DeviceViewDestination.swift */ = {isa = PBXFileReference; lastKnownFileType = sourcecode.swift; path = DeviceViewDestination.swift; sourceTree = "<group>"; };
		78A3A9622CCEC5C700E2A3B5 /* PlantsView.swift */ = {isa = PBXFileReference; lastKnownFileType = sourcecode.swift; path = PlantsView.swift; sourceTree = "<group>"; };
		78A3A9642CCEC6D100E2A3B5 /* TasksView.swift */ = {isa = PBXFileReference; lastKnownFileType = sourcecode.swift; path = TasksView.swift; sourceTree = "<group>"; };
		78A3A9662CCEC70F00E2A3B5 /* PlantsViewModel.swift */ = {isa = PBXFileReference; lastKnownFileType = sourcecode.swift; path = PlantsViewModel.swift; sourceTree = "<group>"; };
		78A3A9682CCEC97900E2A3B5 /* NewPlantView.swift */ = {isa = PBXFileReference; lastKnownFileType = sourcecode.swift; path = NewPlantView.swift; sourceTree = "<group>"; };
		78A3A96A2CCED1EC00E2A3B5 /* WeatherMangaer.swift */ = {isa = PBXFileReference; lastKnownFileType = sourcecode.swift; path = WeatherMangaer.swift; sourceTree = "<group>"; };
		78A3A96C2CCED2FE00E2A3B5 /* LocationManager.swift */ = {isa = PBXFileReference; lastKnownFileType = sourcecode.swift; path = LocationManager.swift; sourceTree = "<group>"; };
		78A3A96E2CCED33900E2A3B5 /* WeatherResponse.swift */ = {isa = PBXFileReference; lastKnownFileType = sourcecode.swift; path = WeatherResponse.swift; sourceTree = "<group>"; };
		78A3A9762CCFF07000E2A3B5 /* AreaView.swift */ = {isa = PBXFileReference; lastKnownFileType = sourcecode.swift; path = AreaView.swift; sourceTree = "<group>"; };
		78A3A9782CCFF3FD00E2A3B5 /* AreasResponse.swift */ = {isa = PBXFileReference; lastKnownFileType = sourcecode.swift; path = AreasResponse.swift; sourceTree = "<group>"; };
		78A3A97C2CD03D0B00E2A3B5 /* AddPlantView.swift */ = {isa = PBXFileReference; lastKnownFileType = sourcecode.swift; path = AddPlantView.swift; sourceTree = "<group>"; };
		78A3A9822CD03F4F00E2A3B5 /* PlantTypeManager.swift */ = {isa = PBXFileReference; lastKnownFileType = sourcecode.swift; path = PlantTypeManager.swift; sourceTree = "<group>"; };
		78A3A9842CD041E200E2A3B5 /* AddAreaView.swift */ = {isa = PBXFileReference; lastKnownFileType = sourcecode.swift; path = AddAreaView.swift; sourceTree = "<group>"; };
		78A3A9882CD046A600E2A3B5 /* AddArea.swift */ = {isa = PBXFileReference; lastKnownFileType = sourcecode.swift; path = AddArea.swift; sourceTree = "<group>"; };
		78A3A9902CD14D3600E2A3B5 /* AddAreaViewModel.swift */ = {isa = PBXFileReference; lastKnownFileType = sourcecode.swift; path = AddAreaViewModel.swift; sourceTree = "<group>"; };
		78A3A9982CD2A47500E2A3B5 /* ChooseHubDeviceView.swift */ = {isa = PBXFileReference; lastKnownFileType = sourcecode.swift; path = ChooseHubDeviceView.swift; sourceTree = "<group>"; };
		78A3A9992CD2A47500E2A3B5 /* DeviceRegistrationCompletionView.swift */ = {isa = PBXFileReference; lastKnownFileType = sourcecode.swift; path = DeviceRegistrationCompletionView.swift; sourceTree = "<group>"; };
		78A3A99A2CD2A47500E2A3B5 /* DeviceRegistrationView.swift */ = {isa = PBXFileReference; lastKnownFileType = sourcecode.swift; path = DeviceRegistrationView.swift; sourceTree = "<group>"; };
		78A3A99B2CD2A47500E2A3B5 /* PlantIDView.swift */ = {isa = PBXFileReference; lastKnownFileType = sourcecode.swift; path = PlantIDView.swift; sourceTree = "<group>"; };
		78A3A99C2CD2A47500E2A3B5 /* WiFiSetupView.swift */ = {isa = PBXFileReference; lastKnownFileType = sourcecode.swift; path = WiFiSetupView.swift; sourceTree = "<group>"; };
		78A3A9A32CD2A47E00E2A3B5 /* AreaSectionView.swift */ = {isa = PBXFileReference; lastKnownFileType = sourcecode.swift; path = AreaSectionView.swift; sourceTree = "<group>"; };
		78A3A9A42CD2A47E00E2A3B5 /* CondensedWeatherView.swift */ = {isa = PBXFileReference; lastKnownFileType = sourcecode.swift; path = CondensedWeatherView.swift; sourceTree = "<group>"; };
		78A3A9A52CD2A47E00E2A3B5 /* HorizontalPlantScrollView.swift */ = {isa = PBXFileReference; lastKnownFileType = sourcecode.swift; path = HorizontalPlantScrollView.swift; sourceTree = "<group>"; };
		78A3A9A62CD2A47E00E2A3B5 /* PasswordHelperView.swift */ = {isa = PBXFileReference; lastKnownFileType = sourcecode.swift; path = PasswordHelperView.swift; sourceTree = "<group>"; };
		78A3A9A72CD2A47E00E2A3B5 /* PlantCardView.swift */ = {isa = PBXFileReference; lastKnownFileType = sourcecode.swift; path = PlantCardView.swift; sourceTree = "<group>"; };
		78A3A9A82CD2A47E00E2A3B5 /* PlantTypeSelectionView.swift */ = {isa = PBXFileReference; lastKnownFileType = sourcecode.swift; path = PlantTypeSelectionView.swift; sourceTree = "<group>"; };
		78A3A9A92CD2A47E00E2A3B5 /* WiFiSignalView.swift */ = {isa = PBXFileReference; lastKnownFileType = sourcecode.swift; path = WiFiSignalView.swift; sourceTree = "<group>"; };
		78A3A9B22CD3D5EF00E2A3B5 /* AreaAddPlantView.swift */ = {isa = PBXFileReference; lastKnownFileType = sourcecode.swift; path = AreaAddPlantView.swift; sourceTree = "<group>"; };
		78A3A9B42CD3D7A800E2A3B5 /* AreaViewModel.swift */ = {isa = PBXFileReference; lastKnownFileType = sourcecode.swift; path = AreaViewModel.swift; sourceTree = "<group>"; };
		78A3A9B62CD3DE6600E2A3B5 /* AreaAddPlantViewModel.swift */ = {isa = PBXFileReference; lastKnownFileType = sourcecode.swift; path = AreaAddPlantViewModel.swift; sourceTree = "<group>"; };
		78A3A9B82CD4071600E2A3B5 /* AddDeviceView.swift */ = {isa = PBXFileReference; lastKnownFileType = sourcecode.swift; path = AddDeviceView.swift; sourceTree = "<group>"; };
		78A3A9BC2CD4F7BC00E2A3B5 /* RemoveDeviceView.swift */ = {isa = PBXFileReference; lastKnownFileType = sourcecode.swift; path = RemoveDeviceView.swift; sourceTree = "<group>"; };
		78A3A9BE2CD4F9AD00E2A3B5 /* DeviceInfoViewModel.swift */ = {isa = PBXFileReference; lastKnownFileType = sourcecode.swift; path = DeviceInfoViewModel.swift; sourceTree = "<group>"; };
		78A3A9C32CD5508E00E2A3B5 /* Secrets.swift */ = {isa = PBXFileReference; lastKnownFileType = sourcecode.swift; path = Secrets.swift; sourceTree = "<group>"; };
		78A3A9C52CD6B1DA00E2A3B5 /* .gitignore */ = {isa = PBXFileReference; lastKnownFileType = text; path = .gitignore; sourceTree = "<group>"; };
		78A3A9C72CDA8CAC00E2A3B5 /* Secrets.plist */ = {isa = PBXFileReference; lastKnownFileType = text.plist; path = Secrets.plist; sourceTree = "<group>"; };
		78E698532C97340D0086FD68 /* ScheduleView.swift */ = {isa = PBXFileReference; lastKnownFileType = sourcecode.swift; path = ScheduleView.swift; sourceTree = "<group>"; };
		78FB8A9B2C82586300F67193 /* DevicesView.swift */ = {isa = PBXFileReference; lastKnownFileType = sourcecode.swift; path = DevicesView.swift; sourceTree = "<group>"; };
		78FB8A9D2C83A98300F67193 /* DevicesViewModel.swift */ = {isa = PBXFileReference; lastKnownFileType = sourcecode.swift; path = DevicesViewModel.swift; sourceTree = "<group>"; };
		78FB8A9F2C83ABAE00F67193 /* Plant.swift */ = {isa = PBXFileReference; lastKnownFileType = sourcecode.swift; path = Plant.swift; sourceTree = "<group>"; };
/* End PBXFileReference section */

/* Begin PBXFrameworksBuildPhase section */
		789384422C6F84F600A54C68 /* Frameworks */ = {
			isa = PBXFrameworksBuildPhase;
			buildActionMask = 2147483647;
			files = (
				78FB8A942C7FC30300F67193 /* ESPProvision in Frameworks */,
			);
			runOnlyForDeploymentPostprocessing = 0;
		};
		789384572C6F84FE00A54C68 /* Frameworks */ = {
			isa = PBXFrameworksBuildPhase;
			buildActionMask = 2147483647;
			files = (
			);
			runOnlyForDeploymentPostprocessing = 0;
		};
		789384612C6F84FE00A54C68 /* Frameworks */ = {
			isa = PBXFrameworksBuildPhase;
			buildActionMask = 2147483647;
			files = (
			);
			runOnlyForDeploymentPostprocessing = 0;
		};
/* End PBXFrameworksBuildPhase section */

/* Begin PBXGroup section */
		7893843C2C6F84F600A54C68 = {
			isa = PBXGroup;
			children = (
				78A3A9C52CD6B1DA00E2A3B5 /* .gitignore */,
				789384472C6F84F600A54C68 /* PlantPulse */,
				7893845D2C6F84FE00A54C68 /* PlantPulseTests */,
				789384672C6F84FE00A54C68 /* PlantPulseUITests */,
				789384462C6F84F600A54C68 /* Products */,
			);
			sourceTree = "<group>";
		};
		789384462C6F84F600A54C68 /* Products */ = {
			isa = PBXGroup;
			children = (
				789384452C6F84F600A54C68 /* PlantPulse.app */,
				7893845A2C6F84FE00A54C68 /* PlantPulseTests.xctest */,
				789384642C6F84FE00A54C68 /* PlantPulseUITests.xctest */,
			);
			name = Products;
			sourceTree = "<group>";
		};
		789384472C6F84F600A54C68 /* PlantPulse */ = {
			isa = PBXGroup;
			children = (
				78A3A9C72CDA8CAC00E2A3B5 /* Secrets.plist */,
				783452F82C84F3C600E0FC95 /* Info.plist */,
				7893847F2C751D1100A54C68 /* Utilities */,
				7893847E2C751D0000A54C68 /* Services */,
				7893847D2C751CF000A54C68 /* ViewModels */,
				7893847C2C751CE500A54C68 /* Views */,
				7893847B2C751CDA00A54C68 /* Models */,
				789384482C6F84F600A54C68 /* PlantPulseApp.swift */,
				7893844A2C6F84F600A54C68 /* ContentView.swift */,
				7893844C2C6F84FE00A54C68 /* Assets.xcassets */,
				7893844E2C6F84FE00A54C68 /* Preview Content */,
			);
			path = PlantPulse;
			sourceTree = "<group>";
		};
		7893844E2C6F84FE00A54C68 /* Preview Content */ = {
			isa = PBXGroup;
			children = (
				7893844F2C6F84FE00A54C68 /* Preview Assets.xcassets */,
			);
			path = "Preview Content";
			sourceTree = "<group>";
		};
		7893845D2C6F84FE00A54C68 /* PlantPulseTests */ = {
			isa = PBXGroup;
			children = (
				7893845E2C6F84FE00A54C68 /* PlantPulseTests.swift */,
			);
			path = PlantPulseTests;
			sourceTree = "<group>";
		};
		789384672C6F84FE00A54C68 /* PlantPulseUITests */ = {
			isa = PBXGroup;
			children = (
				789384682C6F84FE00A54C68 /* PlantPulseUITests.swift */,
				7893846A2C6F84FE00A54C68 /* PlantPulseUITestsLaunchTests.swift */,
			);
			path = PlantPulseUITests;
			sourceTree = "<group>";
		};
		7893847B2C751CDA00A54C68 /* Models */ = {
			isa = PBXGroup;
			children = (
				780029472CEFA8C800F486F5 /* ToDoTask.swift */,
				78A3A9882CD046A600E2A3B5 /* AddArea.swift */,
				78A3A9782CCFF3FD00E2A3B5 /* AreasResponse.swift */,
				78A3A96E2CCED33900E2A3B5 /* WeatherResponse.swift */,
				787E7EBC2C77E220006FCAE1 /* User.swift */,
				787E7EBE2C77E2FE006FCAE1 /* Device.swift */,
				787E7EC02C77E3C3006FCAE1 /* Reading.swift */,
				78FB8A9F2C83ABAE00F67193 /* Plant.swift */,
				78A3A95E2CCEA7AE00E2A3B5 /* DeviceViewDestination.swift */,
			);
			path = Models;
			sourceTree = "<group>";
		};
		7893847C2C751CE500A54C68 /* Views */ = {
			isa = PBXGroup;
			children = (
				780029492CEFAC4500F486F5 /* TaskDetailView.swift */,
				78A3A9BC2CD4F7BC00E2A3B5 /* RemoveDeviceView.swift */,
				78A3A9B82CD4071600E2A3B5 /* AddDeviceView.swift */,
				78A3A99D2CD2A47500E2A3B5 /* DeviceRegistration */,
				78A3A9AA2CD2A47E00E2A3B5 /* Components */,
				78A3A9842CD041E200E2A3B5 /* AddAreaView.swift */,
				78A3A97C2CD03D0B00E2A3B5 /* AddPlantView.swift */,
				78A3A9762CCFF07000E2A3B5 /* AreaView.swift */,
				789384792C75080A00A54C68 /* LoginView.swift */,
				787E7ECE2C7A536C006FCAE1 /* SettingsView.swift */,
				7893848A2C756F6000A54C68 /* RegisterView.swift */,
				7893848C2C75721000A54C68 /* MainView.swift */,
				787E7ECA2C7A52DD006FCAE1 /* HomeView.swift */,
				787E7ECC2C7A5358006FCAE1 /* ProfileView.swift */,
				78FB8A9B2C82586300F67193 /* DevicesView.swift */,
				787634D92C8FA8E900377091 /* DeviceInfoView.swift */,
				78E698532C97340D0086FD68 /* ScheduleView.swift */,
				78A3A9562CC9373F00E2A3B5 /* PlantInfoView.swift */,
				78A3A9622CCEC5C700E2A3B5 /* PlantsView.swift */,
				78A3A9642CCEC6D100E2A3B5 /* TasksView.swift */,
				78A3A9682CCEC97900E2A3B5 /* NewPlantView.swift */,
			);
			path = Views;
			sourceTree = "<group>";
		};
		7893847D2C751CF000A54C68 /* ViewModels */ = {
			isa = PBXGroup;
			children = (
				7800294D2CEFACC300F486F5 /* TasksViewModel.swift */,
				78A3A9BE2CD4F9AD00E2A3B5 /* DeviceInfoViewModel.swift */,
				78A3A96A2CCED1EC00E2A3B5 /* WeatherMangaer.swift */,
				78A3A9B62CD3DE6600E2A3B5 /* AreaAddPlantViewModel.swift */,
				78A3A9B42CD3D7A800E2A3B5 /* AreaViewModel.swift */,
				78A3A9902CD14D3600E2A3B5 /* AddAreaViewModel.swift */,
				78A3A9822CD03F4F00E2A3B5 /* PlantTypeManager.swift */,
				787E7EC22C780ACC006FCAE1 /* Profile.swift */,
				787E7EC42C7A2E0C006FCAE1 /* RegisterViewModel.swift */,
				787E7ED02C7A8E3B006FCAE1 /* HomeViewModel.swift */,
				78FB8A9D2C83A98300F67193 /* DevicesViewModel.swift */,
				787634DB2C8FD9CF00377091 /* WiFiSetupViewModel.swift */,
				78531BE12C9E014200404054 /* PlantIDViewModel.swift */,
				78A3A95A2CCBF09300E2A3B5 /* PlantInfoViewModel.swift */,
				78A3A9662CCEC70F00E2A3B5 /* PlantsViewModel.swift */,
			);
			path = ViewModels;
			sourceTree = "<group>";
		};
		7893847E2C751D0000A54C68 /* Services */ = {
			isa = PBXGroup;
			children = (
				7893848E2C764CBC00A54C68 /* ExpirationHelper.swift */,
				789384842C75215B00A54C68 /* APIHelper.swift */,
				789384862C7539C600A54C68 /* KeychainHelper.swift */,
				787E7ED82C7F6036006FCAE1 /* UserDefaultsHelper.swift */,
			);
			path = Services;
			sourceTree = "<group>";
		};
		7893847F2C751D1100A54C68 /* Utilities */ = {
			isa = PBXGroup;
			children = (
				78A3A9C32CD5508E00E2A3B5 /* Secrets.swift */,
				78A3A96C2CCED2FE00E2A3B5 /* LocationManager.swift */,
				789384882C753D9800A54C68 /* NetworkConstants.swift */,
			);
			path = Utilities;
			sourceTree = "<group>";
		};
		78A3A99D2CD2A47500E2A3B5 /* DeviceRegistration */ = {
			isa = PBXGroup;
			children = (
				78A3A9982CD2A47500E2A3B5 /* ChooseHubDeviceView.swift */,
				78A3A9992CD2A47500E2A3B5 /* DeviceRegistrationCompletionView.swift */,
				78A3A99A2CD2A47500E2A3B5 /* DeviceRegistrationView.swift */,
				78A3A99B2CD2A47500E2A3B5 /* PlantIDView.swift */,
				78A3A99C2CD2A47500E2A3B5 /* WiFiSetupView.swift */,
			);
			path = DeviceRegistration;
			sourceTree = "<group>";
		};
		78A3A9AA2CD2A47E00E2A3B5 /* Components */ = {
			isa = PBXGroup;
			children = (
				7800294B2CEFAC9D00F486F5 /* AnimatedIcon.swift */,
				78A3A9A32CD2A47E00E2A3B5 /* AreaSectionView.swift */,
				78A3A9A42CD2A47E00E2A3B5 /* CondensedWeatherView.swift */,
				78A3A9A52CD2A47E00E2A3B5 /* HorizontalPlantScrollView.swift */,
				78A3A9A62CD2A47E00E2A3B5 /* PasswordHelperView.swift */,
				78A3A9A72CD2A47E00E2A3B5 /* PlantCardView.swift */,
				78A3A9A82CD2A47E00E2A3B5 /* PlantTypeSelectionView.swift */,
				78A3A9A92CD2A47E00E2A3B5 /* WiFiSignalView.swift */,
				78A3A9B22CD3D5EF00E2A3B5 /* AreaAddPlantView.swift */,
			);
			path = Components;
			sourceTree = "<group>";
		};
/* End PBXGroup section */

/* Begin PBXNativeTarget section */
		789384442C6F84F600A54C68 /* PlantPulse */ = {
			isa = PBXNativeTarget;
			buildConfigurationList = 7893846E2C6F84FE00A54C68 /* Build configuration list for PBXNativeTarget "PlantPulse" */;
			buildPhases = (
				789384412C6F84F600A54C68 /* Sources */,
				789384422C6F84F600A54C68 /* Frameworks */,
				789384432C6F84F600A54C68 /* Resources */,
			);
			buildRules = (
			);
			dependencies = (
			);
			name = PlantPulse;
			packageProductDependencies = (
				78FB8A932C7FC30300F67193 /* ESPProvision */,
			);
			productName = PlantPulse;
			productReference = 789384452C6F84F600A54C68 /* PlantPulse.app */;
			productType = "com.apple.product-type.application";
		};
		789384592C6F84FE00A54C68 /* PlantPulseTests */ = {
			isa = PBXNativeTarget;
			buildConfigurationList = 789384712C6F84FE00A54C68 /* Build configuration list for PBXNativeTarget "PlantPulseTests" */;
			buildPhases = (
				789384562C6F84FE00A54C68 /* Sources */,
				789384572C6F84FE00A54C68 /* Frameworks */,
				789384582C6F84FE00A54C68 /* Resources */,
			);
			buildRules = (
			);
			dependencies = (
				7893845C2C6F84FE00A54C68 /* PBXTargetDependency */,
			);
			name = PlantPulseTests;
			productName = PlantPulseTests;
			productReference = 7893845A2C6F84FE00A54C68 /* PlantPulseTests.xctest */;
			productType = "com.apple.product-type.bundle.unit-test";
		};
		789384632C6F84FE00A54C68 /* PlantPulseUITests */ = {
			isa = PBXNativeTarget;
			buildConfigurationList = 789384742C6F84FE00A54C68 /* Build configuration list for PBXNativeTarget "PlantPulseUITests" */;
			buildPhases = (
				789384602C6F84FE00A54C68 /* Sources */,
				789384612C6F84FE00A54C68 /* Frameworks */,
				789384622C6F84FE00A54C68 /* Resources */,
			);
			buildRules = (
			);
			dependencies = (
				789384662C6F84FE00A54C68 /* PBXTargetDependency */,
			);
			name = PlantPulseUITests;
			productName = PlantPulseUITests;
			productReference = 789384642C6F84FE00A54C68 /* PlantPulseUITests.xctest */;
			productType = "com.apple.product-type.bundle.ui-testing";
		};
/* End PBXNativeTarget section */

/* Begin PBXProject section */
		7893843D2C6F84F600A54C68 /* Project object */ = {
			isa = PBXProject;
			attributes = {
				BuildIndependentTargetsInParallel = 1;
				LastSwiftUpdateCheck = 1420;
				LastUpgradeCheck = 1600;
				TargetAttributes = {
					789384442C6F84F600A54C68 = {
						CreatedOnToolsVersion = 14.2;
					};
					789384592C6F84FE00A54C68 = {
						CreatedOnToolsVersion = 14.2;
						TestTargetID = 789384442C6F84F600A54C68;
					};
					789384632C6F84FE00A54C68 = {
						CreatedOnToolsVersion = 14.2;
						TestTargetID = 789384442C6F84F600A54C68;
					};
				};
			};
			buildConfigurationList = 789384402C6F84F600A54C68 /* Build configuration list for PBXProject "PlantPulse" */;
			compatibilityVersion = "Xcode 14.0";
			developmentRegion = en;
			hasScannedForEncodings = 0;
			knownRegions = (
				en,
				Base,
			);
			mainGroup = 7893843C2C6F84F600A54C68;
			packageReferences = (
				78FB8A922C7FC30300F67193 /* XCRemoteSwiftPackageReference "esp-idf-provisioning-ios" */,
			);
			productRefGroup = 789384462C6F84F600A54C68 /* Products */;
			projectDirPath = "";
			projectRoot = "";
			targets = (
				789384442C6F84F600A54C68 /* PlantPulse */,
				789384592C6F84FE00A54C68 /* PlantPulseTests */,
				789384632C6F84FE00A54C68 /* PlantPulseUITests */,
			);
		};
/* End PBXProject section */

/* Begin PBXResourcesBuildPhase section */
		789384432C6F84F600A54C68 /* Resources */ = {
			isa = PBXResourcesBuildPhase;
			buildActionMask = 2147483647;
			files = (
				789384502C6F84FE00A54C68 /* Preview Assets.xcassets in Resources */,
				78A3A9C82CDA8CB800E2A3B5 /* Secrets.plist in Resources */,
				7893844D2C6F84FE00A54C68 /* Assets.xcassets in Resources */,
			);
			runOnlyForDeploymentPostprocessing = 0;
		};
		789384582C6F84FE00A54C68 /* Resources */ = {
			isa = PBXResourcesBuildPhase;
			buildActionMask = 2147483647;
			files = (
			);
			runOnlyForDeploymentPostprocessing = 0;
		};
		789384622C6F84FE00A54C68 /* Resources */ = {
			isa = PBXResourcesBuildPhase;
			buildActionMask = 2147483647;
			files = (
			);
			runOnlyForDeploymentPostprocessing = 0;
		};
/* End PBXResourcesBuildPhase section */

/* Begin PBXSourcesBuildPhase section */
		789384412C6F84F600A54C68 /* Sources */ = {
			isa = PBXSourcesBuildPhase;
			buildActionMask = 2147483647;
			files = (
				78A3A9B72CD3DE6800E2A3B5 /* AreaAddPlantViewModel.swift in Sources */,
				78A3A97D2CD03D1200E2A3B5 /* AddPlantView.swift in Sources */,
				78A3A9832CD03F5D00E2A3B5 /* PlantTypeManager.swift in Sources */,
				78A3A96D2CCED30F00E2A3B5 /* LocationManager.swift in Sources */,
				787E7EBD2C77E220006FCAE1 /* User.swift in Sources */,
				787E7EC52C7A2E0C006FCAE1 /* RegisterViewModel.swift in Sources */,
				78A3A9B92CD4071D00E2A3B5 /* AddDeviceView.swift in Sources */,
				78A3A9B52CD3D7AB00E2A3B5 /* AreaViewModel.swift in Sources */,
				78A3A96B2CCED1EC00E2A3B5 /* WeatherMangaer.swift in Sources */,
				78A3A9572CC9373F00E2A3B5 /* PlantInfoView.swift in Sources */,
				78A3A9BD2CD4F7BE00E2A3B5 /* RemoveDeviceView.swift in Sources */,
				78A3A9B32CD3D5F100E2A3B5 /* AreaAddPlantView.swift in Sources */,
				7893847A2C75080A00A54C68 /* LoginView.swift in Sources */,
				78A3A9AB2CD2A47E00E2A3B5 /* AreaSectionView.swift in Sources */,
				78A3A9AC2CD2A47E00E2A3B5 /* CondensedWeatherView.swift in Sources */,
				78A3A9AD2CD2A47E00E2A3B5 /* HorizontalPlantScrollView.swift in Sources */,
				78A3A9AE2CD2A47E00E2A3B5 /* PasswordHelperView.swift in Sources */,
				78A3A9AF2CD2A47E00E2A3B5 /* PlantCardView.swift in Sources */,
				78A3A9B02CD2A47E00E2A3B5 /* PlantTypeSelectionView.swift in Sources */,
				78A3A9B12CD2A47E00E2A3B5 /* WiFiSignalView.swift in Sources */,
				78A3A9672CCEC70F00E2A3B5 /* PlantsViewModel.swift in Sources */,
				78FB8AA02C83ABAE00F67193 /* Plant.swift in Sources */,
				78A3A9632CCEC5C700E2A3B5 /* PlantsView.swift in Sources */,
				7893848F2C764CBC00A54C68 /* ExpirationHelper.swift in Sources */,
				789384892C753D9800A54C68 /* NetworkConstants.swift in Sources */,
				787E7ECF2C7A536C006FCAE1 /* SettingsView.swift in Sources */,
				78A3A99E2CD2A47500E2A3B5 /* ChooseHubDeviceView.swift in Sources */,
				78A3A99F2CD2A47500E2A3B5 /* DeviceRegistrationCompletionView.swift in Sources */,
				78A3A9A02CD2A47500E2A3B5 /* DeviceRegistrationView.swift in Sources */,
				78A3A9A12CD2A47500E2A3B5 /* PlantIDView.swift in Sources */,
				78A3A9A22CD2A47500E2A3B5 /* WiFiSetupView.swift in Sources */,
				7893844B2C6F84F600A54C68 /* ContentView.swift in Sources */,
				787634DA2C8FA8E900377091 /* DeviceInfoView.swift in Sources */,
				787E7EBF2C77E2FE006FCAE1 /* Device.swift in Sources */,
				78531BE22C9E014200404054 /* PlantIDViewModel.swift in Sources */,
				787E7ED92C7F6036006FCAE1 /* UserDefaultsHelper.swift in Sources */,
				789384872C7539C600A54C68 /* KeychainHelper.swift in Sources */,
				78A3A96F2CCED35900E2A3B5 /* WeatherResponse.swift in Sources */,
				78FB8A9C2C82586300F67193 /* DevicesView.swift in Sources */,
				787E7ECB2C7A52DD006FCAE1 /* HomeView.swift in Sources */,
				78A3A9652CCEC6D100E2A3B5 /* TasksView.swift in Sources */,
				787634DC2C8FD9CF00377091 /* WiFiSetupViewModel.swift in Sources */,
				789384492C6F84F600A54C68 /* PlantPulseApp.swift in Sources */,
				78A3A9BF2CD4F9B000E2A3B5 /* DeviceInfoViewModel.swift in Sources */,
				787E7EC12C77E3C3006FCAE1 /* Reading.swift in Sources */,
				78A3A9C42CD5509200E2A3B5 /* Secrets.swift in Sources */,
				78A3A9792CCFF40300E2A3B5 /* AreasResponse.swift in Sources */,
				78A3A9692CCEC97900E2A3B5 /* NewPlantView.swift in Sources */,
				7800294A2CEFAC4C00F486F5 /* TaskDetailView.swift in Sources */,
				78E698542C97340D0086FD68 /* ScheduleView.swift in Sources */,
				78A3A9892CD046AB00E2A3B5 /* AddArea.swift in Sources */,
				787E7EC32C780ACC006FCAE1 /* Profile.swift in Sources */,
				7893848B2C756F6000A54C68 /* RegisterView.swift in Sources */,
				789384852C75215B00A54C68 /* APIHelper.swift in Sources */,
				787E7ED12C7A8E3B006FCAE1 /* HomeViewModel.swift in Sources */,
				7800294E2CEFACC800F486F5 /* TasksViewModel.swift in Sources */,
				7800294C2CEFACA200F486F5 /* AnimatedIcon.swift in Sources */,
				7893848D2C75721000A54C68 /* MainView.swift in Sources */,
				78A3A9852CD041E700E2A3B5 /* AddAreaView.swift in Sources */,
				78A3A95B2CCBF09300E2A3B5 /* PlantInfoViewModel.swift in Sources */,
				78A3A95F2CCEA7AE00E2A3B5 /* DeviceViewDestination.swift in Sources */,
				78FB8A9E2C83A98300F67193 /* DevicesViewModel.swift in Sources */,
				787E7ECD2C7A5358006FCAE1 /* ProfileView.swift in Sources */,
				78A3A9772CCFF07400E2A3B5 /* AreaView.swift in Sources */,
				780029482CEFA8D000F486F5 /* ToDoTask.swift in Sources */,
				78A3A9912CD14D3C00E2A3B5 /* AddAreaViewModel.swift in Sources */,
			);
			runOnlyForDeploymentPostprocessing = 0;
		};
		789384562C6F84FE00A54C68 /* Sources */ = {
			isa = PBXSourcesBuildPhase;
			buildActionMask = 2147483647;
			files = (
				7893845F2C6F84FE00A54C68 /* PlantPulseTests.swift in Sources */,
			);
			runOnlyForDeploymentPostprocessing = 0;
		};
		789384602C6F84FE00A54C68 /* Sources */ = {
			isa = PBXSourcesBuildPhase;
			buildActionMask = 2147483647;
			files = (
				7893846B2C6F84FE00A54C68 /* PlantPulseUITestsLaunchTests.swift in Sources */,
				789384692C6F84FE00A54C68 /* PlantPulseUITests.swift in Sources */,
			);
			runOnlyForDeploymentPostprocessing = 0;
		};
/* End PBXSourcesBuildPhase section */

/* Begin PBXTargetDependency section */
		7893845C2C6F84FE00A54C68 /* PBXTargetDependency */ = {
			isa = PBXTargetDependency;
			target = 789384442C6F84F600A54C68 /* PlantPulse */;
			targetProxy = 7893845B2C6F84FE00A54C68 /* PBXContainerItemProxy */;
		};
		789384662C6F84FE00A54C68 /* PBXTargetDependency */ = {
			isa = PBXTargetDependency;
			target = 789384442C6F84F600A54C68 /* PlantPulse */;
			targetProxy = 789384652C6F84FE00A54C68 /* PBXContainerItemProxy */;
		};
/* End PBXTargetDependency section */

/* Begin XCBuildConfiguration section */
		7893846C2C6F84FE00A54C68 /* Debug */ = {
			isa = XCBuildConfiguration;
			buildSettings = {
				ALWAYS_SEARCH_USER_PATHS = NO;
				API_KEY = "${API_KEY}";
				CLANG_ANALYZER_NONNULL = YES;
				CLANG_ANALYZER_NUMBER_OBJECT_CONVERSION = YES_AGGRESSIVE;
				CLANG_CXX_LANGUAGE_STANDARD = "gnu++20";
				CLANG_ENABLE_MODULES = YES;
				CLANG_ENABLE_OBJC_ARC = YES;
				CLANG_ENABLE_OBJC_WEAK = YES;
				CLANG_WARN_BLOCK_CAPTURE_AUTORELEASING = YES;
				CLANG_WARN_BOOL_CONVERSION = YES;
				CLANG_WARN_COMMA = YES;
				CLANG_WARN_CONSTANT_CONVERSION = YES;
				CLANG_WARN_DEPRECATED_OBJC_IMPLEMENTATIONS = YES;
				CLANG_WARN_DIRECT_OBJC_ISA_USAGE = YES_ERROR;
				CLANG_WARN_DOCUMENTATION_COMMENTS = YES;
				CLANG_WARN_EMPTY_BODY = YES;
				CLANG_WARN_ENUM_CONVERSION = YES;
				CLANG_WARN_INFINITE_RECURSION = YES;
				CLANG_WARN_INT_CONVERSION = YES;
				CLANG_WARN_NON_LITERAL_NULL_CONVERSION = YES;
				CLANG_WARN_OBJC_IMPLICIT_RETAIN_SELF = YES;
				CLANG_WARN_OBJC_LITERAL_CONVERSION = YES;
				CLANG_WARN_OBJC_ROOT_CLASS = YES_ERROR;
				CLANG_WARN_QUOTED_INCLUDE_IN_FRAMEWORK_HEADER = YES;
				CLANG_WARN_RANGE_LOOP_ANALYSIS = YES;
				CLANG_WARN_STRICT_PROTOTYPES = YES;
				CLANG_WARN_SUSPICIOUS_MOVE = YES;
				CLANG_WARN_UNGUARDED_AVAILABILITY = YES_AGGRESSIVE;
				CLANG_WARN_UNREACHABLE_CODE = YES;
				CLANG_WARN__DUPLICATE_METHOD_MATCH = YES;
				COPY_PHASE_STRIP = NO;
				DEBUG_INFORMATION_FORMAT = dwarf;
				ENABLE_STRICT_OBJC_MSGSEND = YES;
				ENABLE_TESTABILITY = YES;
				ENABLE_USER_SCRIPT_SANDBOXING = YES;
				GCC_C_LANGUAGE_STANDARD = gnu11;
				GCC_DYNAMIC_NO_PIC = NO;
				GCC_NO_COMMON_BLOCKS = YES;
				GCC_OPTIMIZATION_LEVEL = 0;
				GCC_PREPROCESSOR_DEFINITIONS = (
					"DEBUG=1",
					"$(inherited)",
				);
				GCC_WARN_64_TO_32_BIT_CONVERSION = YES;
				GCC_WARN_ABOUT_RETURN_TYPE = YES_ERROR;
				GCC_WARN_UNDECLARED_SELECTOR = YES;
				GCC_WARN_UNINITIALIZED_AUTOS = YES_AGGRESSIVE;
				GCC_WARN_UNUSED_FUNCTION = YES;
				GCC_WARN_UNUSED_VARIABLE = YES;
				IPHONEOS_DEPLOYMENT_TARGET = 16.2;
				MTL_ENABLE_DEBUG_INFO = INCLUDE_SOURCE;
				MTL_FAST_MATH = YES;
				ONLY_ACTIVE_ARCH = YES;
				SDKROOT = iphoneos;
				SWIFT_ACTIVE_COMPILATION_CONDITIONS = DEBUG;
				SWIFT_OPTIMIZATION_LEVEL = "-Onone";
			};
			name = Debug;
		};
		7893846D2C6F84FE00A54C68 /* Release */ = {
			isa = XCBuildConfiguration;
			buildSettings = {
				ALWAYS_SEARCH_USER_PATHS = NO;
				API_KEY = "${API_KEY}";
				CLANG_ANALYZER_NONNULL = YES;
				CLANG_ANALYZER_NUMBER_OBJECT_CONVERSION = YES_AGGRESSIVE;
				CLANG_CXX_LANGUAGE_STANDARD = "gnu++20";
				CLANG_ENABLE_MODULES = YES;
				CLANG_ENABLE_OBJC_ARC = YES;
				CLANG_ENABLE_OBJC_WEAK = YES;
				CLANG_WARN_BLOCK_CAPTURE_AUTORELEASING = YES;
				CLANG_WARN_BOOL_CONVERSION = YES;
				CLANG_WARN_COMMA = YES;
				CLANG_WARN_CONSTANT_CONVERSION = YES;
				CLANG_WARN_DEPRECATED_OBJC_IMPLEMENTATIONS = YES;
				CLANG_WARN_DIRECT_OBJC_ISA_USAGE = YES_ERROR;
				CLANG_WARN_DOCUMENTATION_COMMENTS = YES;
				CLANG_WARN_EMPTY_BODY = YES;
				CLANG_WARN_ENUM_CONVERSION = YES;
				CLANG_WARN_INFINITE_RECURSION = YES;
				CLANG_WARN_INT_CONVERSION = YES;
				CLANG_WARN_NON_LITERAL_NULL_CONVERSION = YES;
				CLANG_WARN_OBJC_IMPLICIT_RETAIN_SELF = YES;
				CLANG_WARN_OBJC_LITERAL_CONVERSION = YES;
				CLANG_WARN_OBJC_ROOT_CLASS = YES_ERROR;
				CLANG_WARN_QUOTED_INCLUDE_IN_FRAMEWORK_HEADER = YES;
				CLANG_WARN_RANGE_LOOP_ANALYSIS = YES;
				CLANG_WARN_STRICT_PROTOTYPES = YES;
				CLANG_WARN_SUSPICIOUS_MOVE = YES;
				CLANG_WARN_UNGUARDED_AVAILABILITY = YES_AGGRESSIVE;
				CLANG_WARN_UNREACHABLE_CODE = YES;
				CLANG_WARN__DUPLICATE_METHOD_MATCH = YES;
				COPY_PHASE_STRIP = NO;
				DEBUG_INFORMATION_FORMAT = "dwarf-with-dsym";
				ENABLE_NS_ASSERTIONS = NO;
				ENABLE_STRICT_OBJC_MSGSEND = YES;
				ENABLE_USER_SCRIPT_SANDBOXING = YES;
				GCC_C_LANGUAGE_STANDARD = gnu11;
				GCC_NO_COMMON_BLOCKS = YES;
				GCC_WARN_64_TO_32_BIT_CONVERSION = YES;
				GCC_WARN_ABOUT_RETURN_TYPE = YES_ERROR;
				GCC_WARN_UNDECLARED_SELECTOR = YES;
				GCC_WARN_UNINITIALIZED_AUTOS = YES_AGGRESSIVE;
				GCC_WARN_UNUSED_FUNCTION = YES;
				GCC_WARN_UNUSED_VARIABLE = YES;
				IPHONEOS_DEPLOYMENT_TARGET = 16.2;
				MTL_ENABLE_DEBUG_INFO = NO;
				MTL_FAST_MATH = YES;
				SDKROOT = iphoneos;
				SWIFT_COMPILATION_MODE = wholemodule;
				SWIFT_OPTIMIZATION_LEVEL = "-O";
				VALIDATE_PRODUCT = YES;
			};
			name = Release;
		};
		7893846F2C6F84FE00A54C68 /* Debug */ = {
			isa = XCBuildConfiguration;
			buildSettings = {
				API_KEY = "${API_KEY}";
				ASSETCATALOG_COMPILER_APPICON_NAME = AppIcon;
				ASSETCATALOG_COMPILER_GLOBAL_ACCENT_COLOR_NAME = AccentColor;
				CODE_SIGN_STYLE = Automatic;
				CURRENT_PROJECT_VERSION = 1;
				DEVELOPMENT_ASSET_PATHS = "\"PlantPulse/Preview Content\"";
				DEVELOPMENT_TEAM = 982V56F7CN;
				ENABLE_PREVIEWS = YES;
				GENERATE_INFOPLIST_FILE = YES;
				INFOPLIST_FILE = PlantPulse/Info.plist;
				INFOPLIST_KEY_CFBundleDisplayName = PlantPulse;
				INFOPLIST_KEY_LSApplicationCategoryType = "public.app-category.lifestyle";
				INFOPLIST_KEY_NSCameraUsageDescription = "This app requires access to the camera to scan QR codes for device provisioning.";
				INFOPLIST_KEY_UIApplicationSceneManifest_Generation = YES;
				INFOPLIST_KEY_UIApplicationSupportsIndirectInputEvents = YES;
				INFOPLIST_KEY_UILaunchScreen_Generation = YES;
				INFOPLIST_KEY_UISupportedInterfaceOrientations_iPad = "UIInterfaceOrientationPortrait UIInterfaceOrientationPortraitUpsideDown UIInterfaceOrientationLandscapeLeft UIInterfaceOrientationLandscapeRight";
				INFOPLIST_KEY_UISupportedInterfaceOrientations_iPhone = "UIInterfaceOrientationPortrait UIInterfaceOrientationLandscapeLeft UIInterfaceOrientationLandscapeRight";
				INFOPLIST_OTHER_KEYS = "NSCameraUsageDescription = \"This app requires access to the camera to scan QR codes for device provisioning.\"";
				LD_RUNPATH_SEARCH_PATHS = (
					"$(inherited)",
					"@executable_path/Frameworks",
				);
				MARKETING_VERSION = 1.0;
				PRODUCT_BUNDLE_IDENTIFIER = app.plantpulse.PlantPulse;
				PRODUCT_NAME = "$(TARGET_NAME)";
				SWIFT_EMIT_LOC_STRINGS = YES;
				SWIFT_VERSION = 5.0;
				TARGETED_DEVICE_FAMILY = "1,2";
			};
			name = Debug;
		};
		789384702C6F84FE00A54C68 /* Release */ = {
			isa = XCBuildConfiguration;
			buildSettings = {
				API_KEY = "${API_KEY}";
				ASSETCATALOG_COMPILER_APPICON_NAME = AppIcon;
				ASSETCATALOG_COMPILER_GLOBAL_ACCENT_COLOR_NAME = AccentColor;
				CODE_SIGN_STYLE = Automatic;
				CURRENT_PROJECT_VERSION = 1;
				DEVELOPMENT_ASSET_PATHS = "\"PlantPulse/Preview Content\"";
				DEVELOPMENT_TEAM = 982V56F7CN;
				ENABLE_PREVIEWS = YES;
				GENERATE_INFOPLIST_FILE = YES;
				INFOPLIST_FILE = PlantPulse/Info.plist;
				INFOPLIST_KEY_CFBundleDisplayName = PlantPulse;
				INFOPLIST_KEY_LSApplicationCategoryType = "public.app-category.lifestyle";
				INFOPLIST_KEY_NSCameraUsageDescription = "This app requires access to the camera to scan QR codes for device provisioning.";
				INFOPLIST_KEY_UIApplicationSceneManifest_Generation = YES;
				INFOPLIST_KEY_UIApplicationSupportsIndirectInputEvents = YES;
				INFOPLIST_KEY_UILaunchScreen_Generation = YES;
				INFOPLIST_KEY_UISupportedInterfaceOrientations_iPad = "UIInterfaceOrientationPortrait UIInterfaceOrientationPortraitUpsideDown UIInterfaceOrientationLandscapeLeft UIInterfaceOrientationLandscapeRight";
				INFOPLIST_KEY_UISupportedInterfaceOrientations_iPhone = "UIInterfaceOrientationPortrait UIInterfaceOrientationLandscapeLeft UIInterfaceOrientationLandscapeRight";
				INFOPLIST_OTHER_KEYS = "NSCameraUsageDescription = \"This app requires access to the camera to scan QR codes for device provisioning.\"";
				LD_RUNPATH_SEARCH_PATHS = (
					"$(inherited)",
					"@executable_path/Frameworks",
				);
				MARKETING_VERSION = 1.0;
				PRODUCT_BUNDLE_IDENTIFIER = app.plantpulse.PlantPulse;
				PRODUCT_NAME = "$(TARGET_NAME)";
				SWIFT_EMIT_LOC_STRINGS = YES;
				SWIFT_VERSION = 5.0;
				TARGETED_DEVICE_FAMILY = "1,2";
			};
			name = Release;
		};
		789384722C6F84FE00A54C68 /* Debug */ = {
			isa = XCBuildConfiguration;
			buildSettings = {
				BUNDLE_LOADER = "$(TEST_HOST)";
				CODE_SIGN_STYLE = Automatic;
				CURRENT_PROJECT_VERSION = 1;
				DEVELOPMENT_TEAM = 982V56F7CN;
				GENERATE_INFOPLIST_FILE = YES;
				IPHONEOS_DEPLOYMENT_TARGET = 16.2;
				MARKETING_VERSION = 1.0;
				PRODUCT_BUNDLE_IDENTIFIER = app.plantpulse.PlantPulseTests;
				PRODUCT_NAME = "$(TARGET_NAME)";
				SWIFT_EMIT_LOC_STRINGS = NO;
				SWIFT_VERSION = 5.0;
				TARGETED_DEVICE_FAMILY = "1,2";
				TEST_HOST = "$(BUILT_PRODUCTS_DIR)/PlantPulse.app/$(BUNDLE_EXECUTABLE_FOLDER_PATH)/PlantPulse";
			};
			name = Debug;
		};
		789384732C6F84FE00A54C68 /* Release */ = {
			isa = XCBuildConfiguration;
			buildSettings = {
				BUNDLE_LOADER = "$(TEST_HOST)";
				CODE_SIGN_STYLE = Automatic;
				CURRENT_PROJECT_VERSION = 1;
				DEVELOPMENT_TEAM = 982V56F7CN;
				GENERATE_INFOPLIST_FILE = YES;
				IPHONEOS_DEPLOYMENT_TARGET = 16.2;
				MARKETING_VERSION = 1.0;
				PRODUCT_BUNDLE_IDENTIFIER = app.plantpulse.PlantPulseTests;
				PRODUCT_NAME = "$(TARGET_NAME)";
				SWIFT_EMIT_LOC_STRINGS = NO;
				SWIFT_VERSION = 5.0;
				TARGETED_DEVICE_FAMILY = "1,2";
				TEST_HOST = "$(BUILT_PRODUCTS_DIR)/PlantPulse.app/$(BUNDLE_EXECUTABLE_FOLDER_PATH)/PlantPulse";
			};
			name = Release;
		};
		789384752C6F84FE00A54C68 /* Debug */ = {
			isa = XCBuildConfiguration;
			buildSettings = {
				CODE_SIGN_STYLE = Automatic;
				CURRENT_PROJECT_VERSION = 1;
				DEVELOPMENT_TEAM = 982V56F7CN;
				GENERATE_INFOPLIST_FILE = YES;
				MARKETING_VERSION = 1.0;
				PRODUCT_BUNDLE_IDENTIFIER = app.plantpulse.PlantPulseUITests;
				PRODUCT_NAME = "$(TARGET_NAME)";
				SWIFT_EMIT_LOC_STRINGS = NO;
				SWIFT_VERSION = 5.0;
				TARGETED_DEVICE_FAMILY = "1,2";
				TEST_TARGET_NAME = PlantPulse;
			};
			name = Debug;
		};
		789384762C6F84FE00A54C68 /* Release */ = {
			isa = XCBuildConfiguration;
			buildSettings = {
				CODE_SIGN_STYLE = Automatic;
				CURRENT_PROJECT_VERSION = 1;
				DEVELOPMENT_TEAM = 982V56F7CN;
				GENERATE_INFOPLIST_FILE = YES;
				MARKETING_VERSION = 1.0;
				PRODUCT_BUNDLE_IDENTIFIER = app.plantpulse.PlantPulseUITests;
				PRODUCT_NAME = "$(TARGET_NAME)";
				SWIFT_EMIT_LOC_STRINGS = NO;
				SWIFT_VERSION = 5.0;
				TARGETED_DEVICE_FAMILY = "1,2";
				TEST_TARGET_NAME = PlantPulse;
			};
			name = Release;
		};
/* End XCBuildConfiguration section */

/* Begin XCConfigurationList section */
		789384402C6F84F600A54C68 /* Build configuration list for PBXProject "PlantPulse" */ = {
			isa = XCConfigurationList;
			buildConfigurations = (
				7893846C2C6F84FE00A54C68 /* Debug */,
				7893846D2C6F84FE00A54C68 /* Release */,
			);
			defaultConfigurationIsVisible = 0;
			defaultConfigurationName = Release;
		};
		7893846E2C6F84FE00A54C68 /* Build configuration list for PBXNativeTarget "PlantPulse" */ = {
			isa = XCConfigurationList;
			buildConfigurations = (
				7893846F2C6F84FE00A54C68 /* Debug */,
				789384702C6F84FE00A54C68 /* Release */,
			);
			defaultConfigurationIsVisible = 0;
			defaultConfigurationName = Release;
		};
		789384712C6F84FE00A54C68 /* Build configuration list for PBXNativeTarget "PlantPulseTests" */ = {
			isa = XCConfigurationList;
			buildConfigurations = (
				789384722C6F84FE00A54C68 /* Debug */,
				789384732C6F84FE00A54C68 /* Release */,
			);
			defaultConfigurationIsVisible = 0;
			defaultConfigurationName = Release;
		};
		789384742C6F84FE00A54C68 /* Build configuration list for PBXNativeTarget "PlantPulseUITests" */ = {
			isa = XCConfigurationList;
			buildConfigurations = (
				789384752C6F84FE00A54C68 /* Debug */,
				789384762C6F84FE00A54C68 /* Release */,
			);
			defaultConfigurationIsVisible = 0;
			defaultConfigurationName = Release;
		};
/* End XCConfigurationList section */

/* Begin XCRemoteSwiftPackageReference section */
		78FB8A922C7FC30300F67193 /* XCRemoteSwiftPackageReference "esp-idf-provisioning-ios" */ = {
			isa = XCRemoteSwiftPackageReference;
			repositoryURL = "https://github.com/espressif/esp-idf-provisioning-ios.git";
			requirement = {
				kind = upToNextMajorVersion;
				minimumVersion = 3.0.0;
			};
		};
/* End XCRemoteSwiftPackageReference section */

/* Begin XCSwiftPackageProductDependency section */
		78FB8A932C7FC30300F67193 /* ESPProvision */ = {
			isa = XCSwiftPackageProductDependency;
			package = 78FB8A922C7FC30300F67193 /* XCRemoteSwiftPackageReference "esp-idf-provisioning-ios" */;
			productName = ESPProvision;
		};
/* End XCSwiftPackageProductDependency section */
	};
	rootObject = 7893843D2C6F84F600A54C68 /* Project object */;
}
